
Microsoft Visual Studio Solution File, Format Version 12.00
# Visual Studio Version 17
VisualStudioVersion = 17.8.34511.84
MinimumVisualStudioVersion = 10.0.40219.1
Project("{8BC9CEB8-8B4A-11D0-8D11-00A0C91BC942}") = "15.7", "15.7\15.7.vcxproj", "{ACF2BB9F-F611-4B88-9027-502AB05E3E5D}"
EndProject
Project("{8BC9CEB8-8B4A-11D0-8D11-00A0C91BC942}") = "15.8", "15.8\15.8.vcxproj", "{C7168364-6E3B-4FE8-ADA1-B206750DD545}"
EndProject
Project("{8BC9CEB8-8B4A-11D0-8D11-00A0C91BC942}") = "15.9", "15.9\15.9.vcxproj", "{0D24AEBB-0915-456B-9C56-33393ED00290}"
EndProject
Project("{8BC9CEB8-8B4A-11D0-8D11-00A0C91BC942}") = "15.10", "15.10\15.10.vcxproj", "{B3D4CDD9-4AD7-42C4-8FE2-FD0C8D71EC8F}"
EndProject
Project("{8BC9CEB8-8B4A-11D0-8D11-00A0C91BC942}") = "15.12", "15.12\15.12.vcxproj", "{2A967D97-BF90-47CD-A7ED-CA674CBA5025}"
EndProject
Project("{8BC9CEB8-8B4A-11D0-8D11-00A0C91BC942}") = "15.13", "15.13\15.13.vcxproj", "{96E04DA8-E749-452A-ABBB-5A213B429D6B}"
EndProject
Project("{8BC9CEB8-8B4A-11D0-8D11-00A0C91BC942}") = "15.14", "15.14\15.14.vcxproj", "{49C1BE05-564D-45AC-A3BC-DC17740DBB02}"
EndProject
Project("{8BC9CEB8-8B4A-11D0-8D11-00A0C91BC942}") = "3.1", "3.1\3.1.vcxproj", "{D175A81E-D4A1-4E49-9D3C-33CCDC7322A7}"
EndProject
Project("{8BC9CEB8-8B4A-11D0-8D11-00A0C91BC942}") = "3.2", "3.2\3.2.vcxproj", "{199DA1CF-3287-4E07-B048-91BD51936C78}"
EndProject
Project("{8BC9CEB8-8B4A-11D0-8D11-00A0C91BC942}") = "3.3", "3.3\3.3.vcxproj", "{923159F2-F2C3-442B-9F80-64EDA4343FD0}"
EndProject
Project("{8BC9CEB8-8B4A-11D0-8D11-00A0C91BC942}") = "3.4", "3.4\3.4.vcxproj", "{50E35D14-0A2C-42FC-9EBA-6D62DA006314}"
EndProject
Project("{8BC9CEB8-8B4A-11D0-8D11-00A0C91BC942}") = "3.5", "3.5\3.5.vcxproj", "{9C90669B-77AE-49EE-8D1A-60F757D8A198}"
EndProject
Project("{8BC9CEB8-8B4A-11D0-8D11-00A0C91BC942}") = "3.6", "3.6\3.6.vcxproj", "{4A67C7CD-8A1C-446E-BF9B-C654766CA7F7}"
EndProject
Project("{8BC9CEB8-8B4A-11D0-8D11-00A0C91BC942}") = "3.7", "3.7\3.7.vcxproj", "{F86FE58B-F3EE-4CAE-98F8-A38760E522C1}"
EndProject
Global
	GlobalSection(SolutionConfigurationPlatforms) = preSolution
		Debug|x64 = Debug|x64
		Debug|x86 = Debug|x86
		Release|x64 = Release|x64
		Release|x86 = Release|x86
	EndGlobalSection
	GlobalSection(ProjectConfigurationPlatforms) = postSolution
		{ACF2BB9F-F611-4B88-9027-502AB05E3E5D}.Debug|x64.ActiveCfg = Debug|x64
		{ACF2BB9F-F611-4B88-9027-502AB05E3E5D}.Debug|x64.Build.0 = Debug|x64
		{ACF2BB9F-F611-4B88-9027-502AB05E3E5D}.Debug|x86.ActiveCfg = Debug|Win32
		{ACF2BB9F-F611-4B88-9027-502AB05E3E5D}.Debug|x86.Build.0 = Debug|Win32
		{ACF2BB9F-F611-4B88-9027-502AB05E3E5D}.Release|x64.ActiveCfg = Release|x64
		{ACF2BB9F-F611-4B88-9027-502AB05E3E5D}.Release|x64.Build.0 = Release|x64
		{ACF2BB9F-F611-4B88-9027-502AB05E3E5D}.Release|x86.ActiveCfg = Release|Win32
		{ACF2BB9F-F611-4B88-9027-502AB05E3E5D}.Release|x86.Build.0 = Release|Win32
		{C7168364-6E3B-4FE8-ADA1-B206750DD545}.Debug|x64.ActiveCfg = Debug|x64
		{C7168364-6E3B-4FE8-ADA1-B206750DD545}.Debug|x64.Build.0 = Debug|x64
		{C7168364-6E3B-4FE8-ADA1-B206750DD545}.Debug|x86.ActiveCfg = Debug|Win32
		{C7168364-6E3B-4FE8-ADA1-B206750DD545}.Debug|x86.Build.0 = Debug|Win32
		{C7168364-6E3B-4FE8-ADA1-B206750DD545}.Release|x64.ActiveCfg = Release|x64
		{C7168364-6E3B-4FE8-ADA1-B206750DD545}.Release|x64.Build.0 = Release|x64
		{C7168364-6E3B-4FE8-ADA1-B206750DD545}.Release|x86.ActiveCfg = Release|Win32
		{C7168364-6E3B-4FE8-ADA1-B206750DD545}.Release|x86.Build.0 = Release|Win32
		{0D24AEBB-0915-456B-9C56-33393ED00290}.Debug|x64.ActiveCfg = Debug|x64
		{0D24AEBB-0915-456B-9C56-33393ED00290}.Debug|x64.Build.0 = Debug|x64
		{0D24AEBB-0915-456B-9C56-33393ED00290}.Debug|x86.ActiveCfg = Debug|Win32
		{0D24AEBB-0915-456B-9C56-33393ED00290}.Debug|x86.Build.0 = Debug|Win32
		{0D24AEBB-0915-456B-9C56-33393ED00290}.Release|x64.ActiveCfg = Release|x64
		{0D24AEBB-0915-456B-9C56-33393ED00290}.Release|x64.Build.0 = Release|x64
		{0D24AEBB-0915-456B-9C56-33393ED00290}.Release|x86.ActiveCfg = Release|Win32
		{0D24AEBB-0915-456B-9C56-33393ED00290}.Release|x86.Build.0 = Release|Win32
		{B3D4CDD9-4AD7-42C4-8FE2-FD0C8D71EC8F}.Debug|x64.ActiveCfg = Debug|x64
		{B3D4CDD9-4AD7-42C4-8FE2-FD0C8D71EC8F}.Debug|x64.Build.0 = Debug|x64
		{B3D4CDD9-4AD7-42C4-8FE2-FD0C8D71EC8F}.Debug|x86.ActiveCfg = Debug|Win32
		{B3D4CDD9-4AD7-42C4-8FE2-FD0C8D71EC8F}.Debug|x86.Build.0 = Debug|Win32
		{B3D4CDD9-4AD7-42C4-8FE2-FD0C8D71EC8F}.Release|x64.ActiveCfg = Release|x64
		{B3D4CDD9-4AD7-42C4-8FE2-FD0C8D71EC8F}.Release|x64.Build.0 = Release|x64
		{B3D4CDD9-4AD7-42C4-8FE2-FD0C8D71EC8F}.Release|x86.ActiveCfg = Release|Win32
		{B3D4CDD9-4AD7-42C4-8FE2-FD0C8D71EC8F}.Release|x86.Build.0 = Release|Win32
		{2A967D97-BF90-47CD-A7ED-CA674CBA5025}.Debug|x64.ActiveCfg = Debug|x64
		{2A967D97-BF90-47CD-A7ED-CA674CBA5025}.Debug|x64.Build.0 = Debug|x64
		{2A967D97-BF90-47CD-A7ED-CA674CBA5025}.Debug|x86.ActiveCfg = Debug|Win32
		{2A967D97-BF90-47CD-A7ED-CA674CBA5025}.Debug|x86.Build.0 = Debug|Win32
		{2A967D97-BF90-47CD-A7ED-CA674CBA5025}.Release|x64.ActiveCfg = Release|x64
		{2A967D97-BF90-47CD-A7ED-CA674CBA5025}.Release|x64.Build.0 = Release|x64
		{2A967D97-BF90-47CD-A7ED-CA674CBA5025}.Release|x86.ActiveCfg = Release|Win32
		{2A967D97-BF90-47CD-A7ED-CA674CBA5025}.Release|x86.Build.0 = Release|Win32
		{96E04DA8-E749-452A-ABBB-5A213B429D6B}.Debug|x64.ActiveCfg = Debug|x64
		{96E04DA8-E749-452A-ABBB-5A213B429D6B}.Debug|x64.Build.0 = Debug|x64
		{96E04DA8-E749-452A-ABBB-5A213B429D6B}.Debug|x86.ActiveCfg = Debug|Win32
		{96E04DA8-E749-452A-ABBB-5A213B429D6B}.Debug|x86.Build.0 = Debug|Win32
		{96E04DA8-E749-452A-ABBB-5A213B429D6B}.Release|x64.ActiveCfg = Release|x64
		{96E04DA8-E749-452A-ABBB-5A213B429D6B}.Release|x64.Build.0 = Release|x64
		{96E04DA8-E749-452A-ABBB-5A213B429D6B}.Release|x86.ActiveCfg = Release|Win32
		{96E04DA8-E749-452A-ABBB-5A213B429D6B}.Release|x86.Build.0 = Release|Win32
		{49C1BE05-564D-45AC-A3BC-DC17740DBB02}.Debug|x64.ActiveCfg = Debug|x64
		{49C1BE05-564D-45AC-A3BC-DC17740DBB02}.Debug|x64.Build.0 = Debug|x64
		{49C1BE05-564D-45AC-A3BC-DC17740DBB02}.Debug|x86.ActiveCfg = Debug|Win32
		{49C1BE05-564D-45AC-A3BC-DC17740DBB02}.Debug|x86.Build.0 = Debug|Win32
		{49C1BE05-564D-45AC-A3BC-DC17740DBB02}.Release|x64.ActiveCfg = Release|x64
		{49C1BE05-564D-45AC-A3BC-DC17740DBB02}.Release|x64.Build.0 = Release|x64
		{49C1BE05-564D-45AC-A3BC-DC17740DBB02}.Release|x86.ActiveCfg = Release|Win32
		{49C1BE05-564D-45AC-A3BC-DC17740DBB02}.Release|x86.Build.0 = Release|Win32
		{D175A81E-D4A1-4E49-9D3C-33CCDC7322A7}.Debug|x64.ActiveCfg = Debug|x64
		{D175A81E-D4A1-4E49-9D3C-33CCDC7322A7}.Debug|x64.Build.0 = Debug|x64
		{D175A81E-D4A1-4E49-9D3C-33CCDC7322A7}.Debug|x86.ActiveCfg = Debug|Win32
		{D175A81E-D4A1-4E49-9D3C-33CCDC7322A7}.Debug|x86.Build.0 = Debug|Win32
		{D175A81E-D4A1-4E49-9D3C-33CCDC7322A7}.Release|x64.ActiveCfg = Release|x64
		{D175A81E-D4A1-4E49-9D3C-33CCDC7322A7}.Release|x64.Build.0 = Release|x64
		{D175A81E-D4A1-4E49-9D3C-33CCDC7322A7}.Release|x86.ActiveCfg = Release|Win32
		{D175A81E-D4A1-4E49-9D3C-33CCDC7322A7}.Release|x86.Build.0 = Release|Win32
		{199DA1CF-3287-4E07-B048-91BD51936C78}.Debug|x64.ActiveCfg = Debug|x64
		{199DA1CF-3287-4E07-B048-91BD51936C78}.Debug|x64.Build.0 = Debug|x64
		{199DA1CF-3287-4E07-B048-91BD51936C78}.Debug|x86.ActiveCfg = Debug|Win32
		{199DA1CF-3287-4E07-B048-91BD51936C78}.Debug|x86.Build.0 = Debug|Win32
		{199DA1CF-3287-4E07-B048-91BD51936C78}.Release|x64.ActiveCfg = Release|x64
		{199DA1CF-3287-4E07-B048-91BD51936C78}.Release|x64.Build.0 = Release|x64
		{199DA1CF-3287-4E07-B048-91BD51936C78}.Release|x86.ActiveCfg = Release|Win32
		{199DA1CF-3287-4E07-B048-91BD51936C78}.Release|x86.Build.0 = Release|Win32
		{923159F2-F2C3-442B-9F80-64EDA4343FD0}.Debug|x64.ActiveCfg = Debug|x64
		{923159F2-F2C3-442B-9F80-64EDA4343FD0}.Debug|x64.Build.0 = Debug|x64
		{923159F2-F2C3-442B-9F80-64EDA4343FD0}.Debug|x86.ActiveCfg = Debug|Win32
		{923159F2-F2C3-442B-9F80-64EDA4343FD0}.Debug|x86.Build.0 = Debug|Win32
		{923159F2-F2C3-442B-9F80-64EDA4343FD0}.Release|x64.ActiveCfg = Release|x64
		{923159F2-F2C3-442B-9F80-64EDA4343FD0}.Release|x64.Build.0 = Release|x64
		{923159F2-F2C3-442B-9F80-64EDA4343FD0}.Release|x86.ActiveCfg = Release|Win32
		{923159F2-F2C3-442B-9F80-64EDA4343FD0}.Release|x86.Build.0 = Release|Win32
		{50E35D14-0A2C-42FC-9EBA-6D62DA006314}.Debug|x64.ActiveCfg = Debug|x64
		{50E35D14-0A2C-42FC-9EBA-6D62DA006314}.Debug|x64.Build.0 = Debug|x64
		{50E35D14-0A2C-42FC-9EBA-6D62DA006314}.Debug|x86.ActiveCfg = Debug|Win32
		{50E35D14-0A2C-42FC-9EBA-6D62DA006314}.Debug|x86.Build.0 = Debug|Win32
		{50E35D14-0A2C-42FC-9EBA-6D62DA006314}.Release|x64.ActiveCfg = Release|x64
		{50E35D14-0A2C-42FC-9EBA-6D62DA006314}.Release|x64.Build.0 = Release|x64
		{50E35D14-0A2C-42FC-9EBA-6D62DA006314}.Release|x86.ActiveCfg = Release|Win32
		{50E35D14-0A2C-42FC-9EBA-6D62DA006314}.Release|x86.Build.0 = Release|Win32
		{9C90669B-77AE-49EE-8D1A-60F757D8A198}.Debug|x64.ActiveCfg = Debug|x64
		{9C90669B-77AE-49EE-8D1A-60F757D8A198}.Debug|x64.Build.0 = Debug|x64
		{9C90669B-77AE-49EE-8D1A-60F757D8A198}.Debug|x86.ActiveCfg = Debug|Win32
		{9C90669B-77AE-49EE-8D1A-60F757D8A198}.Debug|x86.Build.0 = Debug|Win32
		{9C90669B-77AE-49EE-8D1A-60F757D8A198}.Release|x64.ActiveCfg = Release|x64
		{9C90669B-77AE-49EE-8D1A-60F757D8A198}.Release|x64.Build.0 = Release|x64
		{9C90669B-77AE-49EE-8D1A-60F757D8A198}.Release|x86.ActiveCfg = Release|Win32
		{9C90669B-77AE-49EE-8D1A-60F757D8A198}.Release|x86.Build.0 = Release|Win32
		{4A67C7CD-8A1C-446E-BF9B-C654766CA7F7}.Debug|x64.ActiveCfg = Debug|x64
		{4A67C7CD-8A1C-446E-BF9B-C654766CA7F7}.Debug|x64.Build.0 = Debug|x64
		{4A67C7CD-8A1C-446E-BF9B-C654766CA7F7}.Debug|x86.ActiveCfg = Debug|Win32
		{4A67C7CD-8A1C-446E-BF9B-C654766CA7F7}.Debug|x86.Build.0 = Debug|Win32
		{4A67C7CD-8A1C-446E-BF9B-C654766CA7F7}.Release|x64.ActiveCfg = Release|x64
		{4A67C7CD-8A1C-446E-BF9B-C654766CA7F7}.Release|x64.Build.0 = Release|x64
		{4A67C7CD-8A1C-446E-BF9B-C654766CA7F7}.Release|x86.ActiveCfg = Release|Win32
		{4A67C7CD-8A1C-446E-BF9B-C654766CA7F7}.Release|x86.Build.0 = Release|Win32
		{F86FE58B-F3EE-4CAE-98F8-A38760E522C1}.Debug|x64.ActiveCfg = Debug|x64
		{F86FE58B-F3EE-4CAE-98F8-A38760E522C1}.Debug|x64.Build.0 = Debug|x64
		{F86FE58B-F3EE-4CAE-98F8-A38760E522C1}.Debug|x86.ActiveCfg = Debug|Win32
		{F86FE58B-F3EE-4CAE-98F8-A38760E522C1}.Debug|x86.Build.0 = Debug|Win32
		{F86FE58B-F3EE-4CAE-98F8-A38760E522C1}.Release|x64.ActiveCfg = Release|x64
		{F86FE58B-F3EE-4CAE-98F8-A38760E522C1}.Release|x64.Build.0 = Release|x64
		{F86FE58B-F3EE-4CAE-98F8-A38760E522C1}.Release|x86.ActiveCfg = Release|Win32
		{F86FE58B-F3EE-4CAE-98F8-A38760E522C1}.Release|x86.Build.0 = Release|Win32
	EndGlobalSection
	GlobalSection(SolutionProperties) = preSolution
		HideSolutionNode = FALSE
	EndGlobalSection
	GlobalSection(ExtensibilityGlobals) = postSolution
		SolutionGuid = {6BA4EC1D-04A0-48CE-8F4C-FC4F9C4B11C9}
	EndGlobalSection
EndGlobal
