
Microsoft Visual Studio Solution File, Format Version 12.00
# Visual Studio Version 17
VisualStudioVersion = 17.8.34511.84
MinimumVisualStudioVersion = 10.0.40219.1
Project("{8BC9CEB8-8B4A-11D0-8D11-00A0C91BC942}") = "15.7", "15.7\15.7.vcxproj", "{ACF2BB9F-F611-4B88-9027-502AB05E3E5D}"
EndProject
Project("{8BC9CEB8-8B4A-11D0-8D11-00A0C91BC942}") = "15.8", "15.8\15.8.vcxproj", "{C7168364-6E3B-4FE8-ADA1-B206750DD545}"
EndProject
Project("{8BC9CEB8-8B4A-11D0-8D11-00A0C91BC942}") = "15.9", "15.9\15.9.vcxproj", "{0D24AEBB-0915-456B-9C56-33393ED00290}"
EndProject
Project("{8BC9CEB8-8B4A-11D0-8D11-00A0C91BC942}") = "15.10", "15.10\15.10.vcxproj", "{B3D4CDD9-4AD7-42C4-8FE2-FD0C8D71EC8F}"
EndProject
Project("{8BC9CEB8-8B4A-11D0-8D11-00A0C91BC942}") = "15.12", "15.12\15.12.vcxproj", "{2A967D97-BF90-47CD-A7ED-CA674CBA5025}"
EndProject
Project("{8BC9CEB8-8B4A-11D0-8D11-00A0C91BC942}") = "15.13", "15.13\15.13.vcxproj", "{96E04DA8-E749-452A-ABBB-5A213B429D6B}"
EndProject
Project("{8BC9CEB8-8B4A-11D0-8D11-00A0C91BC942}") = "15.14", "15.14\15.14.vcxproj", "{49C1BE05-564D-45AC-A3BC-DC17740DBB02}"
EndProject
Project("{8BC9CEB8-8B4A-11D0-8D11-00A0C91BC942}") = "3.1", "3.1\3.1.vcxproj", "{D175A81E-D4A1-4E49-9D3C-33CCDC7322A7}"
EndProject
Project("{8BC9CEB8-8B4A-11D0-8D11-00A0C91BC942}") = "3.2", "3.2\3.2.vcxproj", "{199DA1CF-3287-4E07-B048-91BD51936C78}"
EndProject
Project("{8BC9CEB8-8B4A-11D0-8D11-00A0C91BC942}") = "3.3", "3.3\3.3.vcxproj", "{923159F2-F2C3-442B-9F80-64EDA4343FD0}"
EndProject
Project("{8BC9CEB8-8B4A-11D0-8D11-00A0C91BC942}") = "3.4", "3.4\3.4.vcxproj", "{50E35D14-0A2C-42FC-9EBA-6D62DA006314}"
EndProject
Project("{8BC9CEB8-8B4A-11D0-8D11-00A0C91BC942}") = "3.5", "3.5\3.5.vcxproj", "{9C90669B-77AE-49EE-8D1A-60F757D8A198}"
EndProject
Project("{8BC9CEB8-8B4A-11D0-8D11-00A0C91BC942}") = "3.6", "3.6\3.6.vcxproj", "{4A67C7CD-8A1C-446E-BF9B-C654766CA7F7}"
EndProject
Project("{8BC9CEB8-8B4A-11D0-8D11-00A0C91BC942}") = "3.7", "3.7\3.7.vcxproj", "{F86FE58B-F3EE-4CAE-98F8-A38760E522C1}"
EndProject
Project("{8BC9CEB8-8B4A-11D0-8D11-00A0C91BC942}") = "3.8", "3.8\3.8.vcxproj", "{FC93806B-8CF2-45E5-A36C-983725BABFAB}"
EndProject
Project("{8BC9CEB8-8B4A-11D0-8D11-00A0C91BC942}") = "3.9", "3.9\3.9.vcxproj", "{B9775FE7-EBED-4DEB-B05B-A2D3923395C8}"
EndProject
Project("{8BC9CEB8-8B4A-11D0-8D11-00A0C91BC942}") = "3.10", "3.10\3.10.vcxproj", "{76F32CE6-EBAB-4A67-A06A-FA30AE3E10E2}"
EndProject
Project("{8BC9CEB8-8B4A-11D0-8D11-00A0C91BC942}") = "3.11", "3.11\3.11.vcxproj", "{6FAF6A2A-F11F-4683-9EB8-67A0EBABB8D2}"
EndProject
Project("{8BC9CEB8-8B4A-11D0-8D11-00A0C91BC942}") = "3.12", "3.12\3.12.vcxproj", "{1EBAE968-7025-486C-986A-6F1BCB1FECF2}"
EndProject
Project("{8BC9CEB8-8B4A-11D0-8D11-00A0C91BC942}") = "3.13", "3.13\3.13.vcxproj", "{136B63D2-694C-4A17-83E3-6E7106958196}"
EndProject
Project("{8BC9CEB8-8B4A-11D0-8D11-00A0C91BC942}") = "3.14", "3.14\3.14.vcxproj", "{89E45A64-3E80-4CBC-B9C3-3D0F2DD67A19}"
EndProject
Project("{8BC9CEB8-8B4A-11D0-8D11-00A0C91BC942}") = "2.7-exercise", "2.7-exercise\2.7-exercise.vcxproj", "{CA7A0E49-5041-4EA3-975A-1F47DD76C2ED}"
EndProject
Project("{8BC9CEB8-8B4A-11D0-8D11-00A0C91BC942}") = "3.7-exercise", "3.7-exercise\3.7-exercise.vcxproj", "{06B27457-3F8D-42B3-A485-8E15EF5FE951}"
EndProject
Global
	GlobalSection(SolutionConfigurationPlatforms) = preSolution
		Debug|x64 = Debug|x64
		Debug|x86 = Debug|x86
		Release|x64 = Release|x64
		Release|x86 = Release|x86
	EndGlobalSection
	GlobalSection(ProjectConfigurationPlatforms) = postSolution
		{ACF2BB9F-F611-4B88-9027-502AB05E3E5D}.Debug|x64.ActiveCfg = Debug|x64
		{ACF2BB9F-F611-4B88-9027-502AB05E3E5D}.Debug|x64.Build.0 = Debug|x64
		{ACF2BB9F-F611-4B88-9027-502AB05E3E5D}.Debug|x86.ActiveCfg = Debug|Win32
		{ACF2BB9F-F611-4B88-9027-502AB05E3E5D}.Debug|x86.Build.0 = Debug|Win32
		{ACF2BB9F-F611-4B88-9027-502AB05E3E5D}.Release|x64.ActiveCfg = Release|x64
		{ACF2BB9F-F611-4B88-9027-502AB05E3E5D}.Release|x64.Build.0 = Release|x64
		{ACF2BB9F-F611-4B88-9027-502AB05E3E5D}.Release|x86.ActiveCfg = Release|Win32
		{ACF2BB9F-F611-4B88-9027-502AB05E3E5D}.Release|x86.Build.0 = Release|Win32
		{C7168364-6E3B-4FE8-ADA1-B206750DD545}.Debug|x64.ActiveCfg = Debug|x64
		{C7168364-6E3B-4FE8-ADA1-B206750DD545}.Debug|x64.Build.0 = Debug|x64
		{C7168364-6E3B-4FE8-ADA1-B206750DD545}.Debug|x86.ActiveCfg = Debug|Win32
		{C7168364-6E3B-4FE8-ADA1-B206750DD545}.Debug|x86.Build.0 = Debug|Win32
		{C7168364-6E3B-4FE8-ADA1-B206750DD545}.Release|x64.ActiveCfg = Release|x64
		{C7168364-6E3B-4FE8-ADA1-B206750DD545}.Release|x64.Build.0 = Release|x64
		{C7168364-6E3B-4FE8-ADA1-B206750DD545}.Release|x86.ActiveCfg = Release|Win32
		{C7168364-6E3B-4FE8-ADA1-B206750DD545}.Release|x86.Build.0 = Release|Win32
		{0D24AEBB-0915-456B-9C56-33393ED00290}.Debug|x64.ActiveCfg = Debug|x64
		{0D24AEBB-0915-456B-9C56-33393ED00290}.Debug|x64.Build.0 = Debug|x64
		{0D24AEBB-0915-456B-9C56-33393ED00290}.Debug|x86.ActiveCfg = Debug|Win32
		{0D24AEBB-0915-456B-9C56-33393ED00290}.Debug|x86.Build.0 = Debug|Win32
		{0D24AEBB-0915-456B-9C56-33393ED00290}.Release|x64.ActiveCfg = Release|x64
		{0D24AEBB-0915-456B-9C56-33393ED00290}.Release|x64.Build.0 = Release|x64
		{0D24AEBB-0915-456B-9C56-33393ED00290}.Release|x86.ActiveCfg = Release|Win32
		{0D24AEBB-0915-456B-9C56-33393ED00290}.Release|x86.Build.0 = Release|Win32
		{B3D4CDD9-4AD7-42C4-8FE2-FD0C8D71EC8F}.Debug|x64.ActiveCfg = Debug|x64
		{B3D4CDD9-4AD7-42C4-8FE2-FD0C8D71EC8F}.Debug|x64.Build.0 = Debug|x64
		{B3D4CDD9-4AD7-42C4-8FE2-FD0C8D71EC8F}.Debug|x86.ActiveCfg = Debug|Win32
		{B3D4CDD9-4AD7-42C4-8FE2-FD0C8D71EC8F}.Debug|x86.Build.0 = Debug|Win32
		{B3D4CDD9-4AD7-42C4-8FE2-FD0C8D71EC8F}.Release|x64.ActiveCfg = Release|x64
		{B3D4CDD9-4AD7-42C4-8FE2-FD0C8D71EC8F}.Release|x64.Build.0 = Release|x64
		{B3D4CDD9-4AD7-42C4-8FE2-FD0C8D71EC8F}.Release|x86.ActiveCfg = Release|Win32
		{B3D4CDD9-4AD7-42C4-8FE2-FD0C8D71EC8F}.Release|x86.Build.0 = Release|Win32
		{2A967D97-BF90-47CD-A7ED-CA674CBA5025}.Debug|x64.ActiveCfg = Debug|x64
		{2A967D97-BF90-47CD-A7ED-CA674CBA5025}.Debug|x64.Build.0 = Debug|x64
		{2A967D97-BF90-47CD-A7ED-CA674CBA5025}.Debug|x86.ActiveCfg = Debug|Win32
		{2A967D97-BF90-47CD-A7ED-CA674CBA5025}.Debug|x86.Build.0 = Debug|Win32
		{2A967D97-BF90-47CD-A7ED-CA674CBA5025}.Release|x64.ActiveCfg = Release|x64
		{2A967D97-BF90-47CD-A7ED-CA674CBA5025}.Release|x64.Build.0 = Release|x64
		{2A967D97-BF90-47CD-A7ED-CA674CBA5025}.Release|x86.ActiveCfg = Release|Win32
		{2A967D97-BF90-47CD-A7ED-CA674CBA5025}.Release|x86.Build.0 = Release|Win32
		{96E04DA8-E749-452A-ABBB-5A213B429D6B}.Debug|x64.ActiveCfg = Debug|x64
		{96E04DA8-E749-452A-ABBB-5A213B429D6B}.Debug|x64.Build.0 = Debug|x64
		{96E04DA8-E749-452A-ABBB-5A213B429D6B}.Debug|x86.ActiveCfg = Debug|Win32
		{96E04DA8-E749-452A-ABBB-5A213B429D6B}.Debug|x86.Build.0 = Debug|Win32
		{96E04DA8-E749-452A-ABBB-5A213B429D6B}.Release|x64.ActiveCfg = Release|x64
		{96E04DA8-E749-452A-ABBB-5A213B429D6B}.Release|x64.Build.0 = Release|x64
		{96E04DA8-E749-452A-ABBB-5A213B429D6B}.Release|x86.ActiveCfg = Release|Win32
		{96E04DA8-E749-452A-ABBB-5A213B429D6B}.Release|x86.Build.0 = Release|Win32
		{49C1BE05-564D-45AC-A3BC-DC17740DBB02}.Debug|x64.ActiveCfg = Debug|x64
		{49C1BE05-564D-45AC-A3BC-DC17740DBB02}.Debug|x64.Build.0 = Debug|x64
		{49C1BE05-564D-45AC-A3BC-DC17740DBB02}.Debug|x86.ActiveCfg = Debug|Win32
		{49C1BE05-564D-45AC-A3BC-DC17740DBB02}.Debug|x86.Build.0 = Debug|Win32
		{49C1BE05-564D-45AC-A3BC-DC17740DBB02}.Release|x64.ActiveCfg = Release|x64
		{49C1BE05-564D-45AC-A3BC-DC17740DBB02}.Release|x64.Build.0 = Release|x64
		{49C1BE05-564D-45AC-A3BC-DC17740DBB02}.Release|x86.ActiveCfg = Release|Win32
		{49C1BE05-564D-45AC-A3BC-DC17740DBB02}.Release|x86.Build.0 = Release|Win32
		{D175A81E-D4A1-4E49-9D3C-33CCDC7322A7}.Debug|x64.ActiveCfg = Debug|x64
		{D175A81E-D4A1-4E49-9D3C-33CCDC7322A7}.Debug|x64.Build.0 = Debug|x64
		{D175A81E-D4A1-4E49-9D3C-33CCDC7322A7}.Debug|x86.ActiveCfg = Debug|Win32
		{D175A81E-D4A1-4E49-9D3C-33CCDC7322A7}.Debug|x86.Build.0 = Debug|Win32
		{D175A81E-D4A1-4E49-9D3C-33CCDC7322A7}.Release|x64.ActiveCfg = Release|x64
		{D175A81E-D4A1-4E49-9D3C-33CCDC7322A7}.Release|x64.Build.0 = Release|x64
		{D175A81E-D4A1-4E49-9D3C-33CCDC7322A7}.Release|x86.ActiveCfg = Release|Win32
		{D175A81E-D4A1-4E49-9D3C-33CCDC7322A7}.Release|x86.Build.0 = Release|Win32
		{199DA1CF-3287-4E07-B048-91BD51936C78}.Debug|x64.ActiveCfg = Debug|x64
		{199DA1CF-3287-4E07-B048-91BD51936C78}.Debug|x64.Build.0 = Debug|x64
		{199DA1CF-3287-4E07-B048-91BD51936C78}.Debug|x86.ActiveCfg = Debug|Win32
		{199DA1CF-3287-4E07-B048-91BD51936C78}.Debug|x86.Build.0 = Debug|Win32
		{199DA1CF-3287-4E07-B048-91BD51936C78}.Release|x64.ActiveCfg = Release|x64
		{199DA1CF-3287-4E07-B048-91BD51936C78}.Release|x64.Build.0 = Release|x64
		{199DA1CF-3287-4E07-B048-91BD51936C78}.Release|x86.ActiveCfg = Release|Win32
		{199DA1CF-3287-4E07-B048-91BD51936C78}.Release|x86.Build.0 = Release|Win32
		{923159F2-F2C3-442B-9F80-64EDA4343FD0}.Debug|x64.ActiveCfg = Debug|x64
		{923159F2-F2C3-442B-9F80-64EDA4343FD0}.Debug|x64.Build.0 = Debug|x64
		{923159F2-F2C3-442B-9F80-64EDA4343FD0}.Debug|x86.ActiveCfg = Debug|Win32
		{923159F2-F2C3-442B-9F80-64EDA4343FD0}.Debug|x86.Build.0 = Debug|Win32
		{923159F2-F2C3-442B-9F80-64EDA4343FD0}.Release|x64.ActiveCfg = Release|x64
		{923159F2-F2C3-442B-9F80-64EDA4343FD0}.Release|x64.Build.0 = Release|x64
		{923159F2-F2C3-442B-9F80-64EDA4343FD0}.Release|x86.ActiveCfg = Release|Win32
		{923159F2-F2C3-442B-9F80-64EDA4343FD0}.Release|x86.Build.0 = Release|Win32
		{50E35D14-0A2C-42FC-9EBA-6D62DA006314}.Debug|x64.ActiveCfg = Debug|x64
		{50E35D14-0A2C-42FC-9EBA-6D62DA006314}.Debug|x64.Build.0 = Debug|x64
		{50E35D14-0A2C-42FC-9EBA-6D62DA006314}.Debug|x86.ActiveCfg = Debug|Win32
		{50E35D14-0A2C-42FC-9EBA-6D62DA006314}.Debug|x86.Build.0 = Debug|Win32
		{50E35D14-0A2C-42FC-9EBA-6D62DA006314}.Release|x64.ActiveCfg = Release|x64
		{50E35D14-0A2C-42FC-9EBA-6D62DA006314}.Release|x64.Build.0 = Release|x64
		{50E35D14-0A2C-42FC-9EBA-6D62DA006314}.Release|x86.ActiveCfg = Release|Win32
		{50E35D14-0A2C-42FC-9EBA-6D62DA006314}.Release|x86.Build.0 = Release|Win32
		{9C90669B-77AE-49EE-8D1A-60F757D8A198}.Debug|x64.ActiveCfg = Debug|x64
		{9C90669B-77AE-49EE-8D1A-60F757D8A198}.Debug|x64.Build.0 = Debug|x64
		{9C90669B-77AE-49EE-8D1A-60F757D8A198}.Debug|x86.ActiveCfg = Debug|Win32
		{9C90669B-77AE-49EE-8D1A-60F757D8A198}.Debug|x86.Build.0 = Debug|Win32
		{9C90669B-77AE-49EE-8D1A-60F757D8A198}.Release|x64.ActiveCfg = Release|x64
		{9C90669B-77AE-49EE-8D1A-60F757D8A198}.Release|x64.Build.0 = Release|x64
		{9C90669B-77AE-49EE-8D1A-60F757D8A198}.Release|x86.ActiveCfg = Release|Win32
		{9C90669B-77AE-49EE-8D1A-60F757D8A198}.Release|x86.Build.0 = Release|Win32
		{4A67C7CD-8A1C-446E-BF9B-C654766CA7F7}.Debug|x64.ActiveCfg = Debug|x64
		{4A67C7CD-8A1C-446E-BF9B-C654766CA7F7}.Debug|x64.Build.0 = Debug|x64
		{4A67C7CD-8A1C-446E-BF9B-C654766CA7F7}.Debug|x86.ActiveCfg = Debug|Win32
		{4A67C7CD-8A1C-446E-BF9B-C654766CA7F7}.Debug|x86.Build.0 = Debug|Win32
		{4A67C7CD-8A1C-446E-BF9B-C654766CA7F7}.Release|x64.ActiveCfg = Release|x64
		{4A67C7CD-8A1C-446E-BF9B-C654766CA7F7}.Release|x64.Build.0 = Release|x64
		{4A67C7CD-8A1C-446E-BF9B-C654766CA7F7}.Release|x86.ActiveCfg = Release|Win32
		{4A67C7CD-8A1C-446E-BF9B-C654766CA7F7}.Release|x86.Build.0 = Release|Win32
		{F86FE58B-F3EE-4CAE-98F8-A38760E522C1}.Debug|x64.ActiveCfg = Debug|x64
		{F86FE58B-F3EE-4CAE-98F8-A38760E522C1}.Debug|x64.Build.0 = Debug|x64
		{F86FE58B-F3EE-4CAE-98F8-A38760E522C1}.Debug|x86.ActiveCfg = Debug|Win32
		{F86FE58B-F3EE-4CAE-98F8-A38760E522C1}.Debug|x86.Build.0 = Debug|Win32
		{F86FE58B-F3EE-4CAE-98F8-A38760E522C1}.Release|x64.ActiveCfg = Release|x64
		{F86FE58B-F3EE-4CAE-98F8-A38760E522C1}.Release|x64.Build.0 = Release|x64
		{F86FE58B-F3EE-4CAE-98F8-A38760E522C1}.Release|x86.ActiveCfg = Release|Win32
		{F86FE58B-F3EE-4CAE-98F8-A38760E522C1}.Release|x86.Build.0 = Release|Win32
		{FC93806B-8CF2-45E5-A36C-983725BABFAB}.Debug|x64.ActiveCfg = Debug|x64
		{FC93806B-8CF2-45E5-A36C-983725BABFAB}.Debug|x64.Build.0 = Debug|x64
		{FC93806B-8CF2-45E5-A36C-983725BABFAB}.Debug|x86.ActiveCfg = Debug|Win32
		{FC93806B-8CF2-45E5-A36C-983725BABFAB}.Debug|x86.Build.0 = Debug|Win32
		{FC93806B-8CF2-45E5-A36C-983725BABFAB}.Release|x64.ActiveCfg = Release|x64
		{FC93806B-8CF2-45E5-A36C-983725BABFAB}.Release|x64.Build.0 = Release|x64
		{FC93806B-8CF2-45E5-A36C-983725BABFAB}.Release|x86.ActiveCfg = Release|Win32
		{FC93806B-8CF2-45E5-A36C-983725BABFAB}.Release|x86.Build.0 = Release|Win32
		{B9775FE7-EBED-4DEB-B05B-A2D3923395C8}.Debug|x64.ActiveCfg = Debug|x64
		{B9775FE7-EBED-4DEB-B05B-A2D3923395C8}.Debug|x64.Build.0 = Debug|x64
		{B9775FE7-EBED-4DEB-B05B-A2D3923395C8}.Debug|x86.ActiveCfg = Debug|Win32
		{B9775FE7-EBED-4DEB-B05B-A2D3923395C8}.Debug|x86.Build.0 = Debug|Win32
		{B9775FE7-EBED-4DEB-B05B-A2D3923395C8}.Release|x64.ActiveCfg = Release|x64
		{B9775FE7-EBED-4DEB-B05B-A2D3923395C8}.Release|x64.Build.0 = Release|x64
		{B9775FE7-EBED-4DEB-B05B-A2D3923395C8}.Release|x86.ActiveCfg = Release|Win32
		{B9775FE7-EBED-4DEB-B05B-A2D3923395C8}.Release|x86.Build.0 = Release|Win32
		{76F32CE6-EBAB-4A67-A06A-FA30AE3E10E2}.Debug|x64.ActiveCfg = Debug|x64
		{76F32CE6-EBAB-4A67-A06A-FA30AE3E10E2}.Debug|x64.Build.0 = Debug|x64
		{76F32CE6-EBAB-4A67-A06A-FA30AE3E10E2}.Debug|x86.ActiveCfg = Debug|Win32
		{76F32CE6-EBAB-4A67-A06A-FA30AE3E10E2}.Debug|x86.Build.0 = Debug|Win32
		{76F32CE6-EBAB-4A67-A06A-FA30AE3E10E2}.Release|x64.ActiveCfg = Release|x64
		{76F32CE6-EBAB-4A67-A06A-FA30AE3E10E2}.Release|x64.Build.0 = Release|x64
		{76F32CE6-EBAB-4A67-A06A-FA30AE3E10E2}.Release|x86.ActiveCfg = Release|Win32
		{76F32CE6-EBAB-4A67-A06A-FA30AE3E10E2}.Release|x86.Build.0 = Release|Win32
		{6FAF6A2A-F11F-4683-9EB8-67A0EBABB8D2}.Debug|x64.ActiveCfg = Debug|x64
		{6FAF6A2A-F11F-4683-9EB8-67A0EBABB8D2}.Debug|x64.Build.0 = Debug|x64
		{6FAF6A2A-F11F-4683-9EB8-67A0EBABB8D2}.Debug|x86.ActiveCfg = Debug|Win32
		{6FAF6A2A-F11F-4683-9EB8-67A0EBABB8D2}.Debug|x86.Build.0 = Debug|Win32
		{6FAF6A2A-F11F-4683-9EB8-67A0EBABB8D2}.Release|x64.ActiveCfg = Release|x64
		{6FAF6A2A-F11F-4683-9EB8-67A0EBABB8D2}.Release|x64.Build.0 = Release|x64
		{6FAF6A2A-F11F-4683-9EB8-67A0EBABB8D2}.Release|x86.ActiveCfg = Release|Win32
		{6FAF6A2A-F11F-4683-9EB8-67A0EBABB8D2}.Release|x86.Build.0 = Release|Win32
		{1EBAE968-7025-486C-986A-6F1BCB1FECF2}.Debug|x64.ActiveCfg = Debug|x64
		{1EBAE968-7025-486C-986A-6F1BCB1FECF2}.Debug|x64.Build.0 = Debug|x64
		{1EBAE968-7025-486C-986A-6F1BCB1FECF2}.Debug|x86.ActiveCfg = Debug|Win32
		{1EBAE968-7025-486C-986A-6F1BCB1FECF2}.Debug|x86.Build.0 = Debug|Win32
		{1EBAE968-7025-486C-986A-6F1BCB1FECF2}.Release|x64.ActiveCfg = Release|x64
		{1EBAE968-7025-486C-986A-6F1BCB1FECF2}.Release|x64.Build.0 = Release|x64
		{1EBAE968-7025-486C-986A-6F1BCB1FECF2}.Release|x86.ActiveCfg = Release|Win32
		{1EBAE968-7025-486C-986A-6F1BCB1FECF2}.Release|x86.Build.0 = Release|Win32
		{136B63D2-694C-4A17-83E3-6E7106958196}.Debug|x64.ActiveCfg = Debug|x64
		{136B63D2-694C-4A17-83E3-6E7106958196}.Debug|x64.Build.0 = Debug|x64
		{136B63D2-694C-4A17-83E3-6E7106958196}.Debug|x86.ActiveCfg = Debug|Win32
		{136B63D2-694C-4A17-83E3-6E7106958196}.Debug|x86.Build.0 = Debug|Win32
		{136B63D2-694C-4A17-83E3-6E7106958196}.Release|x64.ActiveCfg = Release|x64
		{136B63D2-694C-4A17-83E3-6E7106958196}.Release|x64.Build.0 = Release|x64
		{136B63D2-694C-4A17-83E3-6E7106958196}.Release|x86.ActiveCfg = Release|Win32
		{136B63D2-694C-4A17-83E3-6E7106958196}.Release|x86.Build.0 = Release|Win32
		{89E45A64-3E80-4CBC-B9C3-3D0F2DD67A19}.Debug|x64.ActiveCfg = Debug|x64
		{89E45A64-3E80-4CBC-B9C3-3D0F2DD67A19}.Debug|x64.Build.0 = Debug|x64
		{89E45A64-3E80-4CBC-B9C3-3D0F2DD67A19}.Debug|x86.ActiveCfg = Debug|Win32
		{89E45A64-3E80-4CBC-B9C3-3D0F2DD67A19}.Debug|x86.Build.0 = Debug|Win32
		{89E45A64-3E80-4CBC-B9C3-3D0F2DD67A19}.Release|x64.ActiveCfg = Release|x64
		{89E45A64-3E80-4CBC-B9C3-3D0F2DD67A19}.Release|x64.Build.0 = Release|x64
		{89E45A64-3E80-4CBC-B9C3-3D0F2DD67A19}.Release|x86.ActiveCfg = Release|Win32
		{89E45A64-3E80-4CBC-B9C3-3D0F2DD67A19}.Release|x86.Build.0 = Release|Win32
		{CA7A0E49-5041-4EA3-975A-1F47DD76C2ED}.Debug|x64.ActiveCfg = Debug|x64
		{CA7A0E49-5041-4EA3-975A-1F47DD76C2ED}.Debug|x64.Build.0 = Debug|x64
		{CA7A0E49-5041-4EA3-975A-1F47DD76C2ED}.Debug|x86.ActiveCfg = Debug|Win32
		{CA7A0E49-5041-4EA3-975A-1F47DD76C2ED}.Debug|x86.Build.0 = Debug|Win32
		{CA7A0E49-5041-4EA3-975A-1F47DD76C2ED}.Release|x64.ActiveCfg = Release|x64
		{CA7A0E49-5041-4EA3-975A-1F47DD76C2ED}.Release|x64.Build.0 = Release|x64
		{CA7A0E49-5041-4EA3-975A-1F47DD76C2ED}.Release|x86.ActiveCfg = Release|Win32
		{CA7A0E49-5041-4EA3-975A-1F47DD76C2ED}.Release|x86.Build.0 = Release|Win32
		{06B27457-3F8D-42B3-A485-8E15EF5FE951}.Debug|x64.ActiveCfg = Debug|x64
		{06B27457-3F8D-42B3-A485-8E15EF5FE951}.Debug|x64.Build.0 = Debug|x64
		{06B27457-3F8D-42B3-A485-8E15EF5FE951}.Debug|x86.ActiveCfg = Debug|Win32
		{06B27457-3F8D-42B3-A485-8E15EF5FE951}.Debug|x86.Build.0 = Debug|Win32
		{06B27457-3F8D-42B3-A485-8E15EF5FE951}.Release|x64.ActiveCfg = Release|x64
		{06B27457-3F8D-42B3-A485-8E15EF5FE951}.Release|x64.Build.0 = Release|x64
		{06B27457-3F8D-42B3-A485-8E15EF5FE951}.Release|x86.ActiveCfg = Release|Win32
		{06B27457-3F8D-42B3-A485-8E15EF5FE951}.Release|x86.Build.0 = Release|Win32
	EndGlobalSection
	GlobalSection(SolutionProperties) = preSolution
		HideSolutionNode = FALSE
	EndGlobalSection
	GlobalSection(ExtensibilityGlobals) = postSolution
		SolutionGuid = {6BA4EC1D-04A0-48CE-8F4C-FC4F9C4B11C9}
	EndGlobalSection
EndGlobal
