
Microsoft Visual Studio Solution File, Format Version 12.00
# Visual Studio Version 17
VisualStudioVersion = 17.8.34511.84
MinimumVisualStudioVersion = 10.0.40219.1
Project("{8BC9CEB8-8B4A-11D0-8D11-00A0C91BC942}") = "15.7", "15.7\15.7.vcxproj", "{ACF2BB9F-F611-4B88-9027-502AB05E3E5D}"
EndProject
Project("{8BC9CEB8-8B4A-11D0-8D11-00A0C91BC942}") = "15.8", "15.8\15.8.vcxproj", "{C7168364-6E3B-4FE8-ADA1-B206750DD545}"
EndProject
Project("{8BC9CEB8-8B4A-11D0-8D11-00A0C91BC942}") = "15.9", "15.9\15.9.vcxproj", "{0D24AEBB-0915-456B-9C56-33393ED00290}"
EndProject
Project("{8BC9CEB8-8B4A-11D0-8D11-00A0C91BC942}") = "15.10", "15.10\15.10.vcxproj", "{B3D4CDD9-4AD7-42C4-8FE2-FD0C8D71EC8F}"
EndProject
Project("{8BC9CEB8-8B4A-11D0-8D11-00A0C91BC942}") = "15.12", "15.12\15.12.vcxproj", "{2A967D97-BF90-47CD-A7ED-CA674CBA5025}"
EndProject
Project("{8BC9CEB8-8B4A-11D0-8D11-00A0C91BC942}") = "15.13", "15.13\15.13.vcxproj", "{96E04DA8-E749-452A-ABBB-5A213B429D6B}"
EndProject
Project("{8BC9CEB8-8B4A-11D0-8D11-00A0C91BC942}") = "15.14", "15.14\15.14.vcxproj", "{49C1BE05-564D-45AC-A3BC-DC17740DBB02}"
EndProject
Project("{8BC9CEB8-8B4A-11D0-8D11-00A0C91BC942}") = "3.1", "3.1\3.1.vcxproj", "{D175A81E-D4A1-4E49-9D3C-33CCDC7322A7}"
EndProject
Project("{8BC9CEB8-8B4A-11D0-8D11-00A0C91BC942}") = "3.2", "3.2\3.2.vcxproj", "{199DA1CF-3287-4E07-B048-91BD51936C78}"
EndProject
Project("{8BC9CEB8-8B4A-11D0-8D11-00A0C91BC942}") = "3.3", "3.3\3.3.vcxproj", "{923159F2-F2C3-442B-9F80-64EDA4343FD0}"
EndProject
Project("{8BC9CEB8-8B4A-11D0-8D11-00A0C91BC942}") = "3.4", "3.4\3.4.vcxproj", "{50E35D14-0A2C-42FC-9EBA-6D62DA006314}"
EndProject
Project("{8BC9CEB8-8B4A-11D0-8D11-00A0C91BC942}") = "3.5", "3.5\3.5.vcxproj", "{9C90669B-77AE-49EE-8D1A-60F757D8A198}"
EndProject
Project("{8BC9CEB8-8B4A-11D0-8D11-00A0C91BC942}") = "3.6", "3.6\3.6.vcxproj", "{4A67C7CD-8A1C-446E-BF9B-C654766CA7F7}"
EndProject
Project("{8BC9CEB8-8B4A-11D0-8D11-00A0C91BC942}") = "3.7", "3.7\3.7.vcxproj", "{F86FE58B-F3EE-4CAE-98F8-A38760E522C1}"
EndProject
Project("{8BC9CEB8-8B4A-11D0-8D11-00A0C91BC942}") = "3.8", "3.8\3.8.vcxproj", "{FC93806B-8CF2-45E5-A36C-983725BABFAB}"
EndProject
Project("{8BC9CEB8-8B4A-11D0-8D11-00A0C91BC942}") = "3.9", "3.9\3.9.vcxproj", "{B9775FE7-EBED-4DEB-B05B-A2D3923395C8}"
EndProject
Project("{8BC9CEB8-8B4A-11D0-8D11-00A0C91BC942}") = "3.10", "3.10\3.10.vcxproj", "{76F32CE6-EBAB-4A67-A06A-FA30AE3E10E2}"
EndProject
Project("{8BC9CEB8-8B4A-11D0-8D11-00A0C91BC942}") = "3.11", "3.11\3.11.vcxproj", "{6FAF6A2A-F11F-4683-9EB8-67A0EBABB8D2}"
EndProject
Project("{8BC9CEB8-8B4A-11D0-8D11-00A0C91BC942}") = "3.12", "3.12\3.12.vcxproj", "{1EBAE968-7025-486C-986A-6F1BCB1FECF2}"
EndProject
Project("{8BC9CEB8-8B4A-11D0-8D11-00A0C91BC942}") = "3.13", "3.13\3.13.vcxproj", "{136B63D2-694C-4A17-83E3-6E7106958196}"
EndProject
Project("{8BC9CEB8-8B4A-11D0-8D11-00A0C91BC942}") = "3.14", "3.14\3.14.vcxproj", "{89E45A64-3E80-4CBC-B9C3-3D0F2DD67A19}"
EndProject
Project("{8BC9CEB8-8B4A-11D0-8D11-00A0C91BC942}") = "2.7-exercise", "2.7-exercise\2.7-exercise.vcxproj", "{CA7A0E49-5041-4EA3-975A-1F47DD76C2ED}"
EndProject
Project("{8BC9CEB8-8B4A-11D0-8D11-00A0C91BC942}") = "3.7-exercise", "3.7-exercise\3.7-exercise.vcxproj", "{06B27457-3F8D-42B3-A485-8E15EF5FE951}"
EndProject
Project("{8BC9CEB8-8B4A-11D0-8D11-00A0C91BC942}") = "4.1", "4.1\4.1.vcxproj", "{4D7795F4-99CD-4CC0-A4EE-AC871927094A}"
EndProject
Project("{8BC9CEB8-8B4A-11D0-8D11-00A0C91BC942}") = "4.2", "4.2\4.2.vcxproj", "{17E4EAB2-F7D3-4D98-B644-1324AF946A13}"
EndProject
Project("{8BC9CEB8-8B4A-11D0-8D11-00A0C91BC942}") = "4.3", "4.3\4.3.vcxproj", "{E8EB11F4-4486-4114-AADA-3B5FB886EBDE}"
EndProject
Project("{8BC9CEB8-8B4A-11D0-8D11-00A0C91BC942}") = "4.6", "4.6\4.6.vcxproj", "{D2B346F0-A1C7-499B-AC96-4173ED031155}"
EndProject
Project("{8BC9CEB8-8B4A-11D0-8D11-00A0C91BC942}") = "4.7", "4.7\4.7.vcxproj", "{D9C26BB4-3F89-42A6-9FB5-1E515107284F}"
EndProject
Project("{8BC9CEB8-8B4A-11D0-8D11-00A0C91BC942}") = "4.8", "4.8\4.8.vcxproj", "{C79443EB-B09F-4452-B160-23B6270B9538}"
EndProject
Project("{8BC9CEB8-8B4A-11D0-8D11-00A0C91BC942}") = "4.9", "4.9\4.9.vcxproj", "{0227AE95-ED8B-4CE3-83DA-F4815A9B5A17}"
EndProject
Project("{8BC9CEB8-8B4A-11D0-8D11-00A0C91BC942}") = "4.10", "4.10\4.10.vcxproj", "{AE1FC9CE-9995-424C-AAB1-3AE42C9DE370}"
EndProject
Project("{8BC9CEB8-8B4A-11D0-8D11-00A0C91BC942}") = "4.11", "4.4.1\4.4.1.vcxproj", "{A4579131-B73B-46E7-86FC-7E88DBA4C087}"
EndProject
Project("{8BC9CEB8-8B4A-11D0-8D11-00A0C91BC942}") = "4.12", "4.12\4.12.vcxproj", "{2FBB598F-C592-433F-A23D-40076E97C17B}"
EndProject
Project("{8BC9CEB8-8B4A-11D0-8D11-00A0C91BC942}") = "4.13", "4.13\4.13.vcxproj", "{D0836DA2-F207-4D90-848E-A619C8271935}"
EndProject
Project("{8BC9CEB8-8B4A-11D0-8D11-00A0C91BC942}") = "4.14", "4.14\4.14.vcxproj", "{9FCF7058-6674-4905-9FB5-D842A45C07E3}"
EndProject
Project("{8BC9CEB8-8B4A-11D0-8D11-00A0C91BC942}") = "4.15", "4.15\4.15.vcxproj", "{7102F7E1-25E7-45A0-BD31-4BF8FAD9E034}"
EndProject
Project("{8BC9CEB8-8B4A-11D0-8D11-00A0C91BC942}") = "4.16", "4.16\4.16.vcxproj", "{5500B8B7-8641-4A66-95B8-8F805E8C12F2}"
EndProject
Project("{8BC9CEB8-8B4A-11D0-8D11-00A0C91BC942}") = "4.17", "4.17\4.17.vcxproj", "{F77020C6-9AF7-4544-A762-2906536046A9}"
EndProject
Project("{8BC9CEB8-8B4A-11D0-8D11-00A0C91BC942}") = "4.18", "4.18\4.18.vcxproj", "{137B3AE2-99A6-4E68-88C5-C25B89BA5444}"
EndProject
Project("{8BC9CEB8-8B4A-11D0-8D11-00A0C91BC942}") = "4.19", "4.19\4.19.vcxproj", "{5C3D02FA-9F19-45EB-85B7-9363B19E3B69}"
EndProject
Project("{8BC9CEB8-8B4A-11D0-8D11-00A0C91BC942}") = "4.20", "4.20\4.20.vcxproj", "{D48AF574-AC18-4EC5-97BC-4140C7767D0E}"
EndProject
Project("{8BC9CEB8-8B4A-11D0-8D11-00A0C91BC942}") = "4.21", "4.21\4.21.vcxproj", "{0F26551E-9311-4B46-BC93-63EE46211059}"
EndProject
Project("{8BC9CEB8-8B4A-11D0-8D11-00A0C91BC942}") = "4.22", "4.22\4.22.vcxproj", "{5923BEB2-9399-422B-9EAA-1F292C718EDB}"
EndProject
Project("{8BC9CEB8-8B4A-11D0-8D11-00A0C91BC942}") = "4.23", "4.23\4.23.vcxproj", "{5E288CCD-D556-43B8-B0F5-ABC88C103E89}"
EndProject
Project("{8BC9CEB8-8B4A-11D0-8D11-00A0C91BC942}") = "4.24", "4.24\4.24.vcxproj", "{F31D9F29-A4EF-4D12-83F3-3E631EF50199}"
EndProject
Project("{8BC9CEB8-8B4A-11D0-8D11-00A0C91BC942}") = "5.1", "5.1\5.1.vcxproj", "{E3AFFD68-5897-4CA9-83E9-6A7E7D50B750}"
EndProject
Project("{8BC9CEB8-8B4A-11D0-8D11-00A0C91BC942}") = "5.2", "5.2\5.2.vcxproj", "{5712224C-BC54-466E-BC0A-D0EB93A72484}"
EndProject
Project("{8BC9CEB8-8B4A-11D0-8D11-00A0C91BC942}") = "5.3", "5.3\5.3.vcxproj", "{9F4CFF0A-3D93-43CE-887B-E0DCEB0956A9}"
EndProject
Project("{8BC9CEB8-8B4A-11D0-8D11-00A0C91BC942}") = "5.4", "5.4\5.4.vcxproj", "{9FFB9BA1-FC5E-4497-A88E-1E9BC95847CB}"
EndProject
Project("{8BC9CEB8-8B4A-11D0-8D11-00A0C91BC942}") = "5.5", "5.5\5.5.vcxproj", "{8AC4A940-7FF4-40F0-90F7-7690728D775A}"
EndProject
Project("{8BC9CEB8-8B4A-11D0-8D11-00A0C91BC942}") = "5.6", "5.6\5.6.vcxproj", "{B31D5982-EB4C-4017-88CA-E7FFDC192370}"
EndProject
Project("{8BC9CEB8-8B4A-11D0-8D11-00A0C91BC942}") = "5.7", "5.7\5.7.vcxproj", "{5016E370-4B32-421F-96D4-337FC236B597}"
EndProject
Project("{8BC9CEB8-8B4A-11D0-8D11-00A0C91BC942}") = "5.8", "5.8\5.8.vcxproj", "{8047090B-8FE7-4DC2-BC87-FC745C4736F2}"
EndProject
Project("{8BC9CEB8-8B4A-11D0-8D11-00A0C91BC942}") = "5.9", "5.9\5.9.vcxproj", "{EB0ED194-908C-4FFF-89E4-E671D14E564A}"
EndProject
Project("{8BC9CEB8-8B4A-11D0-8D11-00A0C91BC942}") = "5.10", "5.10\5.10.vcxproj", "{AFBBF0BC-8E5E-41B2-9A74-1D9D733ABE75}"
EndProject
Project("{8BC9CEB8-8B4A-11D0-8D11-00A0C91BC942}") = "5.11", "5.11\5.11.vcxproj", "{0CBEB1EC-675A-45AB-9007-7DCA9B1A64CD}"
EndProject
Project("{8BC9CEB8-8B4A-11D0-8D11-00A0C91BC942}") = "5.13", "5.13\5.13.vcxproj", "{B14E2D17-4446-4CDD-B8E5-44B022B163B4}"
EndProject
Project("{8BC9CEB8-8B4A-11D0-8D11-00A0C91BC942}") = "5.12", "5.12\5.12.vcxproj", "{967F89FB-BAA1-4EA5-8DF4-8BE3BCF89EDA}"
EndProject
Project("{8BC9CEB8-8B4A-11D0-8D11-00A0C91BC942}") = "5.14", "5.14\5.14.vcxproj", "{0A31ADAB-C8A8-409E-9368-7F3605A37E91}"
EndProject
Project("{8BC9CEB8-8B4A-11D0-8D11-00A0C91BC942}") = "5.15", "5.15\5.15.vcxproj", "{D50673A2-AF29-4089-A34F-77CA5989EED0}"
EndProject
Project("{8BC9CEB8-8B4A-11D0-8D11-00A0C91BC942}") = "5.16", "5.16\5.16.vcxproj", "{E59EB41E-E6CD-429D-A8C1-3C3FB8F7A1B8}"
EndProject
Project("{8BC9CEB8-8B4A-11D0-8D11-00A0C91BC942}") = "5.17", "5.17\5.17.vcxproj", "{A78B7774-7699-4353-B00C-E4BB278A25C8}"
EndProject
Project("{8BC9CEB8-8B4A-11D0-8D11-00A0C91BC942}") = "5.18", "5.18\5.18.vcxproj", "{5B394274-2104-43CA-86B8-609059CF0B32}"
EndProject
Project("{8BC9CEB8-8B4A-11D0-8D11-00A0C91BC942}") = "5.19", "5.19\5.19.vcxproj", "{5255AB7D-8598-445F-9255-764434F12223}"
EndProject
Project("{8BC9CEB8-8B4A-11D0-8D11-00A0C91BC942}") = "5.20", "5.20\5.20.vcxproj", "{FE4535C4-4395-40D4-AAF0-5602AFF4BC29}"
EndProject
Project("{8BC9CEB8-8B4A-11D0-8D11-00A0C91BC942}") = "6.1", "6.1\6.1.vcxproj", "{2D094889-113B-4191-ACB5-FC62A77BCB6F}"
EndProject
Project("{8BC9CEB8-8B4A-11D0-8D11-00A0C91BC942}") = "6.2", "6.2\6.2.vcxproj", "{4B695225-C65C-44EA-9C19-D274A9E3BF76}"
EndProject
Project("{8BC9CEB8-8B4A-11D0-8D11-00A0C91BC942}") = "6.3", "6.3\6.3.vcxproj", "{9B1BE1D1-FE17-4E6C-A583-CE51F0A1197D}"
EndProject
Project("{8BC9CEB8-8B4A-11D0-8D11-00A0C91BC942}") = "6.4", "6.4\6.4.vcxproj", "{6ACD1E14-FFA5-4065-A8B4-8E7461461F9F}"
EndProject
Project("{8BC9CEB8-8B4A-11D0-8D11-00A0C91BC942}") = "6.5", "6.5\6.5.vcxproj", "{C8E16DC3-1DED-44AF-8F2A-A246B42A84C4}"
EndProject
Project("{8BC9CEB8-8B4A-11D0-8D11-00A0C91BC942}") = "6.6", "6.6\6.6.vcxproj", "{259F8EDA-1191-42AA-8A42-F580C7459243}"
EndProject
Project("{8BC9CEB8-8B4A-11D0-8D11-00A0C91BC942}") = "6.7", "6.7\6.7.vcxproj", "{0F222D81-C906-46D9-ABAF-913E8ED940DD}"
EndProject
Project("{8BC9CEB8-8B4A-11D0-8D11-00A0C91BC942}") = "6.8", "6.8\6.8.vcxproj", "{7EF902CF-79B1-48E1-9771-2ABC22ED9E20}"
EndProject
Project("{8BC9CEB8-8B4A-11D0-8D11-00A0C91BC942}") = "6.9", "6.9\6.9.vcxproj", "{3332BAB5-CE0F-47D7-A126-0518125EC97D}"
EndProject
Project("{8BC9CEB8-8B4A-11D0-8D11-00A0C91BC942}") = "6.10", "6.10\6.10.vcxproj", "{66302761-FC88-4D4B-8CEA-C46F02D35E30}"
EndProject
Project("{8BC9CEB8-8B4A-11D0-8D11-00A0C91BC942}") = "6.11", "6.11\6.11.vcxproj", "{92F3DB4E-AAC7-4FAD-99FE-F6F7BDA2BDB3}"
EndProject
Project("{8BC9CEB8-8B4A-11D0-8D11-00A0C91BC942}") = "6.12", "6.12\6.12.vcxproj", "{EC0B69F4-72DE-4F94-9690-45A6B7B1FCE9}"
EndProject
Project("{8BC9CEB8-8B4A-11D0-8D11-00A0C91BC942}") = "6.13", "6.13\6.13.vcxproj", "{3B4C97CD-EC4C-48B1-99F7-227DB7FCE59C}"
EndProject
Project("{8BC9CEB8-8B4A-11D0-8D11-00A0C91BC942}") = "6.14", "6.14\6.14.vcxproj", "{CED1BABC-5FDA-48B9-A870-12D5A129DE39}"
EndProject
Project("{8BC9CEB8-8B4A-11D0-8D11-00A0C91BC942}") = "6.15", "6.15\6.15.vcxproj", "{81423A7B-4CA2-44EF-855A-F19B597625F8}"
EndProject
Project("{8BC9CEB8-8B4A-11D0-8D11-00A0C91BC942}") = "6.16", "6.16\6.16.vcxproj", "{E30E1ADE-1E33-499D-B917-E6AF027D7E15}"
EndProject
Project("{8BC9CEB8-8B4A-11D0-8D11-00A0C91BC942}") = "7.1", "7.1\7.1.vcxproj", "{82DDD8B4-D2C2-4576-B638-28A94A1F39A5}"
EndProject
Project("{8BC9CEB8-8B4A-11D0-8D11-00A0C91BC942}") = "7.2", "7.2\7.2.vcxproj", "{6C9F6F9B-BCA0-47C3-9FED-1DA5CAAADED0}"
EndProject
Project("{8BC9CEB8-8B4A-11D0-8D11-00A0C91BC942}") = "7.3", "7.3\7.3.vcxproj", "{6FF204A1-5365-4F3D-B4A5-DCC9D38658FF}"
EndProject
Project("{8BC9CEB8-8B4A-11D0-8D11-00A0C91BC942}") = "7.4", "7.4\7.4.vcxproj", "{FA0571A6-AB0C-49A2-9C48-CD6FF66E704A}"
EndProject
Project("{8BC9CEB8-8B4A-11D0-8D11-00A0C91BC942}") = "7.5", "7.5\7.5.vcxproj", "{DBE964D8-73A3-4555-9013-9F1D969A51F7}"
EndProject
Project("{8BC9CEB8-8B4A-11D0-8D11-00A0C91BC942}") = "7.6", "7.6\7.6.vcxproj", "{EFF74DC5-D2B5-4C59-9CFC-096C6209E7C4}"
EndProject
Project("{8BC9CEB8-8B4A-11D0-8D11-00A0C91BC942}") = "7.7", "7.7\7.7.vcxproj", "{E9BC01FA-DF3B-4FD4-AAD9-C2BA3A1D1695}"
EndProject
Project("{8BC9CEB8-8B4A-11D0-8D11-00A0C91BC942}") = "7.8", "7.8\7.8.vcxproj", "{1A57E8E0-0D89-4D0C-BE88-7AB50369E0A5}"
EndProject
Project("{8BC9CEB8-8B4A-11D0-8D11-00A0C91BC942}") = "7.9", "7.9\7.9.vcxproj", "{BFA85160-29C0-44E1-910A-6A57842E4FA7}"
EndProject
Project("{8BC9CEB8-8B4A-11D0-8D11-00A0C91BC942}") = "7.10", "7.10\7.10.vcxproj", "{05336F6C-BC3C-4A0F-B49B-61D36B9C3FAF}"
EndProject
Project("{8BC9CEB8-8B4A-11D0-8D11-00A0C91BC942}") = "7.11", "7.11\7.11.vcxproj", "{2CD7342A-6970-4462-96E6-607E2582C573}"
EndProject
Project("{8BC9CEB8-8B4A-11D0-8D11-00A0C91BC942}") = "7.12", "7.12\7.12.vcxproj", "{E2A5E44B-C836-4B84-AFC3-BF5FE070F2A9}"
EndProject
Project("{8BC9CEB8-8B4A-11D0-8D11-00A0C91BC942}") = "7.13", "7.13\7.13.vcxproj", "{9A03C0F6-B40A-4F04-A5DB-11353FDECDEE}"
EndProject
Project("{8BC9CEB8-8B4A-11D0-8D11-00A0C91BC942}") = "7.14", "7.14\7.14.vcxproj", "{B60BFB4D-C67A-4AA1-BCA7-DAC9BA52A109}"
EndProject
Project("{8BC9CEB8-8B4A-11D0-8D11-00A0C91BC942}") = "7.15", "7.15\7.15.vcxproj", "{B78F78F3-430D-45CC-943E-F5E1286294D1}"
EndProject
Project("{8BC9CEB8-8B4A-11D0-8D11-00A0C91BC942}") = "7.16", "7.16\7.16.vcxproj", "{DAD52CC4-AF08-45A8-A136-B848C71740D9}"
EndProject
Project("{8BC9CEB8-8B4A-11D0-8D11-00A0C91BC942}") = "7.17", "7.17\7.17.vcxproj", "{E14B4C35-7224-4CB4-9CEB-1F81D76E7D20}"
EndProject
Global
	GlobalSection(SolutionConfigurationPlatforms) = preSolution
		Debug|x64 = Debug|x64
		Debug|x86 = Debug|x86
		Release|x64 = Release|x64
		Release|x86 = Release|x86
	EndGlobalSection
	GlobalSection(ProjectConfigurationPlatforms) = postSolution
		{ACF2BB9F-F611-4B88-9027-502AB05E3E5D}.Debug|x64.ActiveCfg = Debug|x64
		{ACF2BB9F-F611-4B88-9027-502AB05E3E5D}.Debug|x64.Build.0 = Debug|x64
		{ACF2BB9F-F611-4B88-9027-502AB05E3E5D}.Debug|x86.ActiveCfg = Debug|Win32
		{ACF2BB9F-F611-4B88-9027-502AB05E3E5D}.Debug|x86.Build.0 = Debug|Win32
		{ACF2BB9F-F611-4B88-9027-502AB05E3E5D}.Release|x64.ActiveCfg = Release|x64
		{ACF2BB9F-F611-4B88-9027-502AB05E3E5D}.Release|x64.Build.0 = Release|x64
		{ACF2BB9F-F611-4B88-9027-502AB05E3E5D}.Release|x86.ActiveCfg = Release|Win32
		{ACF2BB9F-F611-4B88-9027-502AB05E3E5D}.Release|x86.Build.0 = Release|Win32
		{C7168364-6E3B-4FE8-ADA1-B206750DD545}.Debug|x64.ActiveCfg = Debug|x64
		{C7168364-6E3B-4FE8-ADA1-B206750DD545}.Debug|x64.Build.0 = Debug|x64
		{C7168364-6E3B-4FE8-ADA1-B206750DD545}.Debug|x86.ActiveCfg = Debug|Win32
		{C7168364-6E3B-4FE8-ADA1-B206750DD545}.Debug|x86.Build.0 = Debug|Win32
		{C7168364-6E3B-4FE8-ADA1-B206750DD545}.Release|x64.ActiveCfg = Release|x64
		{C7168364-6E3B-4FE8-ADA1-B206750DD545}.Release|x64.Build.0 = Release|x64
		{C7168364-6E3B-4FE8-ADA1-B206750DD545}.Release|x86.ActiveCfg = Release|Win32
		{C7168364-6E3B-4FE8-ADA1-B206750DD545}.Release|x86.Build.0 = Release|Win32
		{0D24AEBB-0915-456B-9C56-33393ED00290}.Debug|x64.ActiveCfg = Debug|x64
		{0D24AEBB-0915-456B-9C56-33393ED00290}.Debug|x64.Build.0 = Debug|x64
		{0D24AEBB-0915-456B-9C56-33393ED00290}.Debug|x86.ActiveCfg = Debug|Win32
		{0D24AEBB-0915-456B-9C56-33393ED00290}.Debug|x86.Build.0 = Debug|Win32
		{0D24AEBB-0915-456B-9C56-33393ED00290}.Release|x64.ActiveCfg = Release|x64
		{0D24AEBB-0915-456B-9C56-33393ED00290}.Release|x64.Build.0 = Release|x64
		{0D24AEBB-0915-456B-9C56-33393ED00290}.Release|x86.ActiveCfg = Release|Win32
		{0D24AEBB-0915-456B-9C56-33393ED00290}.Release|x86.Build.0 = Release|Win32
		{B3D4CDD9-4AD7-42C4-8FE2-FD0C8D71EC8F}.Debug|x64.ActiveCfg = Debug|x64
		{B3D4CDD9-4AD7-42C4-8FE2-FD0C8D71EC8F}.Debug|x64.Build.0 = Debug|x64
		{B3D4CDD9-4AD7-42C4-8FE2-FD0C8D71EC8F}.Debug|x86.ActiveCfg = Debug|Win32
		{B3D4CDD9-4AD7-42C4-8FE2-FD0C8D71EC8F}.Debug|x86.Build.0 = Debug|Win32
		{B3D4CDD9-4AD7-42C4-8FE2-FD0C8D71EC8F}.Release|x64.ActiveCfg = Release|x64
		{B3D4CDD9-4AD7-42C4-8FE2-FD0C8D71EC8F}.Release|x64.Build.0 = Release|x64
		{B3D4CDD9-4AD7-42C4-8FE2-FD0C8D71EC8F}.Release|x86.ActiveCfg = Release|Win32
		{B3D4CDD9-4AD7-42C4-8FE2-FD0C8D71EC8F}.Release|x86.Build.0 = Release|Win32
		{2A967D97-BF90-47CD-A7ED-CA674CBA5025}.Debug|x64.ActiveCfg = Debug|x64
		{2A967D97-BF90-47CD-A7ED-CA674CBA5025}.Debug|x64.Build.0 = Debug|x64
		{2A967D97-BF90-47CD-A7ED-CA674CBA5025}.Debug|x86.ActiveCfg = Debug|Win32
		{2A967D97-BF90-47CD-A7ED-CA674CBA5025}.Debug|x86.Build.0 = Debug|Win32
		{2A967D97-BF90-47CD-A7ED-CA674CBA5025}.Release|x64.ActiveCfg = Release|x64
		{2A967D97-BF90-47CD-A7ED-CA674CBA5025}.Release|x64.Build.0 = Release|x64
		{2A967D97-BF90-47CD-A7ED-CA674CBA5025}.Release|x86.ActiveCfg = Release|Win32
		{2A967D97-BF90-47CD-A7ED-CA674CBA5025}.Release|x86.Build.0 = Release|Win32
		{96E04DA8-E749-452A-ABBB-5A213B429D6B}.Debug|x64.ActiveCfg = Debug|x64
		{96E04DA8-E749-452A-ABBB-5A213B429D6B}.Debug|x64.Build.0 = Debug|x64
		{96E04DA8-E749-452A-ABBB-5A213B429D6B}.Debug|x86.ActiveCfg = Debug|Win32
		{96E04DA8-E749-452A-ABBB-5A213B429D6B}.Debug|x86.Build.0 = Debug|Win32
		{96E04DA8-E749-452A-ABBB-5A213B429D6B}.Release|x64.ActiveCfg = Release|x64
		{96E04DA8-E749-452A-ABBB-5A213B429D6B}.Release|x64.Build.0 = Release|x64
		{96E04DA8-E749-452A-ABBB-5A213B429D6B}.Release|x86.ActiveCfg = Release|Win32
		{96E04DA8-E749-452A-ABBB-5A213B429D6B}.Release|x86.Build.0 = Release|Win32
		{49C1BE05-564D-45AC-A3BC-DC17740DBB02}.Debug|x64.ActiveCfg = Debug|x64
		{49C1BE05-564D-45AC-A3BC-DC17740DBB02}.Debug|x64.Build.0 = Debug|x64
		{49C1BE05-564D-45AC-A3BC-DC17740DBB02}.Debug|x86.ActiveCfg = Debug|Win32
		{49C1BE05-564D-45AC-A3BC-DC17740DBB02}.Debug|x86.Build.0 = Debug|Win32
		{49C1BE05-564D-45AC-A3BC-DC17740DBB02}.Release|x64.ActiveCfg = Release|x64
		{49C1BE05-564D-45AC-A3BC-DC17740DBB02}.Release|x64.Build.0 = Release|x64
		{49C1BE05-564D-45AC-A3BC-DC17740DBB02}.Release|x86.ActiveCfg = Release|Win32
		{49C1BE05-564D-45AC-A3BC-DC17740DBB02}.Release|x86.Build.0 = Release|Win32
		{D175A81E-D4A1-4E49-9D3C-33CCDC7322A7}.Debug|x64.ActiveCfg = Debug|x64
		{D175A81E-D4A1-4E49-9D3C-33CCDC7322A7}.Debug|x64.Build.0 = Debug|x64
		{D175A81E-D4A1-4E49-9D3C-33CCDC7322A7}.Debug|x86.ActiveCfg = Debug|Win32
		{D175A81E-D4A1-4E49-9D3C-33CCDC7322A7}.Debug|x86.Build.0 = Debug|Win32
		{D175A81E-D4A1-4E49-9D3C-33CCDC7322A7}.Release|x64.ActiveCfg = Release|x64
		{D175A81E-D4A1-4E49-9D3C-33CCDC7322A7}.Release|x64.Build.0 = Release|x64
		{D175A81E-D4A1-4E49-9D3C-33CCDC7322A7}.Release|x86.ActiveCfg = Release|Win32
		{D175A81E-D4A1-4E49-9D3C-33CCDC7322A7}.Release|x86.Build.0 = Release|Win32
		{199DA1CF-3287-4E07-B048-91BD51936C78}.Debug|x64.ActiveCfg = Debug|x64
		{199DA1CF-3287-4E07-B048-91BD51936C78}.Debug|x64.Build.0 = Debug|x64
		{199DA1CF-3287-4E07-B048-91BD51936C78}.Debug|x86.ActiveCfg = Debug|Win32
		{199DA1CF-3287-4E07-B048-91BD51936C78}.Debug|x86.Build.0 = Debug|Win32
		{199DA1CF-3287-4E07-B048-91BD51936C78}.Release|x64.ActiveCfg = Release|x64
		{199DA1CF-3287-4E07-B048-91BD51936C78}.Release|x64.Build.0 = Release|x64
		{199DA1CF-3287-4E07-B048-91BD51936C78}.Release|x86.ActiveCfg = Release|Win32
		{199DA1CF-3287-4E07-B048-91BD51936C78}.Release|x86.Build.0 = Release|Win32
		{923159F2-F2C3-442B-9F80-64EDA4343FD0}.Debug|x64.ActiveCfg = Debug|x64
		{923159F2-F2C3-442B-9F80-64EDA4343FD0}.Debug|x64.Build.0 = Debug|x64
		{923159F2-F2C3-442B-9F80-64EDA4343FD0}.Debug|x86.ActiveCfg = Debug|Win32
		{923159F2-F2C3-442B-9F80-64EDA4343FD0}.Debug|x86.Build.0 = Debug|Win32
		{923159F2-F2C3-442B-9F80-64EDA4343FD0}.Release|x64.ActiveCfg = Release|x64
		{923159F2-F2C3-442B-9F80-64EDA4343FD0}.Release|x64.Build.0 = Release|x64
		{923159F2-F2C3-442B-9F80-64EDA4343FD0}.Release|x86.ActiveCfg = Release|Win32
		{923159F2-F2C3-442B-9F80-64EDA4343FD0}.Release|x86.Build.0 = Release|Win32
		{50E35D14-0A2C-42FC-9EBA-6D62DA006314}.Debug|x64.ActiveCfg = Debug|x64
		{50E35D14-0A2C-42FC-9EBA-6D62DA006314}.Debug|x64.Build.0 = Debug|x64
		{50E35D14-0A2C-42FC-9EBA-6D62DA006314}.Debug|x86.ActiveCfg = Debug|Win32
		{50E35D14-0A2C-42FC-9EBA-6D62DA006314}.Debug|x86.Build.0 = Debug|Win32
		{50E35D14-0A2C-42FC-9EBA-6D62DA006314}.Release|x64.ActiveCfg = Release|x64
		{50E35D14-0A2C-42FC-9EBA-6D62DA006314}.Release|x64.Build.0 = Release|x64
		{50E35D14-0A2C-42FC-9EBA-6D62DA006314}.Release|x86.ActiveCfg = Release|Win32
		{50E35D14-0A2C-42FC-9EBA-6D62DA006314}.Release|x86.Build.0 = Release|Win32
		{9C90669B-77AE-49EE-8D1A-60F757D8A198}.Debug|x64.ActiveCfg = Debug|x64
		{9C90669B-77AE-49EE-8D1A-60F757D8A198}.Debug|x64.Build.0 = Debug|x64
		{9C90669B-77AE-49EE-8D1A-60F757D8A198}.Debug|x86.ActiveCfg = Debug|Win32
		{9C90669B-77AE-49EE-8D1A-60F757D8A198}.Debug|x86.Build.0 = Debug|Win32
		{9C90669B-77AE-49EE-8D1A-60F757D8A198}.Release|x64.ActiveCfg = Release|x64
		{9C90669B-77AE-49EE-8D1A-60F757D8A198}.Release|x64.Build.0 = Release|x64
		{9C90669B-77AE-49EE-8D1A-60F757D8A198}.Release|x86.ActiveCfg = Release|Win32
		{9C90669B-77AE-49EE-8D1A-60F757D8A198}.Release|x86.Build.0 = Release|Win32
		{4A67C7CD-8A1C-446E-BF9B-C654766CA7F7}.Debug|x64.ActiveCfg = Debug|x64
		{4A67C7CD-8A1C-446E-BF9B-C654766CA7F7}.Debug|x64.Build.0 = Debug|x64
		{4A67C7CD-8A1C-446E-BF9B-C654766CA7F7}.Debug|x86.ActiveCfg = Debug|Win32
		{4A67C7CD-8A1C-446E-BF9B-C654766CA7F7}.Debug|x86.Build.0 = Debug|Win32
		{4A67C7CD-8A1C-446E-BF9B-C654766CA7F7}.Release|x64.ActiveCfg = Release|x64
		{4A67C7CD-8A1C-446E-BF9B-C654766CA7F7}.Release|x64.Build.0 = Release|x64
		{4A67C7CD-8A1C-446E-BF9B-C654766CA7F7}.Release|x86.ActiveCfg = Release|Win32
		{4A67C7CD-8A1C-446E-BF9B-C654766CA7F7}.Release|x86.Build.0 = Release|Win32
		{F86FE58B-F3EE-4CAE-98F8-A38760E522C1}.Debug|x64.ActiveCfg = Debug|x64
		{F86FE58B-F3EE-4CAE-98F8-A38760E522C1}.Debug|x64.Build.0 = Debug|x64
		{F86FE58B-F3EE-4CAE-98F8-A38760E522C1}.Debug|x86.ActiveCfg = Debug|Win32
		{F86FE58B-F3EE-4CAE-98F8-A38760E522C1}.Debug|x86.Build.0 = Debug|Win32
		{F86FE58B-F3EE-4CAE-98F8-A38760E522C1}.Release|x64.ActiveCfg = Release|x64
		{F86FE58B-F3EE-4CAE-98F8-A38760E522C1}.Release|x64.Build.0 = Release|x64
		{F86FE58B-F3EE-4CAE-98F8-A38760E522C1}.Release|x86.ActiveCfg = Release|Win32
		{F86FE58B-F3EE-4CAE-98F8-A38760E522C1}.Release|x86.Build.0 = Release|Win32
		{FC93806B-8CF2-45E5-A36C-983725BABFAB}.Debug|x64.ActiveCfg = Debug|x64
		{FC93806B-8CF2-45E5-A36C-983725BABFAB}.Debug|x64.Build.0 = Debug|x64
		{FC93806B-8CF2-45E5-A36C-983725BABFAB}.Debug|x86.ActiveCfg = Debug|Win32
		{FC93806B-8CF2-45E5-A36C-983725BABFAB}.Debug|x86.Build.0 = Debug|Win32
		{FC93806B-8CF2-45E5-A36C-983725BABFAB}.Release|x64.ActiveCfg = Release|x64
		{FC93806B-8CF2-45E5-A36C-983725BABFAB}.Release|x64.Build.0 = Release|x64
		{FC93806B-8CF2-45E5-A36C-983725BABFAB}.Release|x86.ActiveCfg = Release|Win32
		{FC93806B-8CF2-45E5-A36C-983725BABFAB}.Release|x86.Build.0 = Release|Win32
		{B9775FE7-EBED-4DEB-B05B-A2D3923395C8}.Debug|x64.ActiveCfg = Debug|x64
		{B9775FE7-EBED-4DEB-B05B-A2D3923395C8}.Debug|x64.Build.0 = Debug|x64
		{B9775FE7-EBED-4DEB-B05B-A2D3923395C8}.Debug|x86.ActiveCfg = Debug|Win32
		{B9775FE7-EBED-4DEB-B05B-A2D3923395C8}.Debug|x86.Build.0 = Debug|Win32
		{B9775FE7-EBED-4DEB-B05B-A2D3923395C8}.Release|x64.ActiveCfg = Release|x64
		{B9775FE7-EBED-4DEB-B05B-A2D3923395C8}.Release|x64.Build.0 = Release|x64
		{B9775FE7-EBED-4DEB-B05B-A2D3923395C8}.Release|x86.ActiveCfg = Release|Win32
		{B9775FE7-EBED-4DEB-B05B-A2D3923395C8}.Release|x86.Build.0 = Release|Win32
		{76F32CE6-EBAB-4A67-A06A-FA30AE3E10E2}.Debug|x64.ActiveCfg = Debug|x64
		{76F32CE6-EBAB-4A67-A06A-FA30AE3E10E2}.Debug|x64.Build.0 = Debug|x64
		{76F32CE6-EBAB-4A67-A06A-FA30AE3E10E2}.Debug|x86.ActiveCfg = Debug|Win32
		{76F32CE6-EBAB-4A67-A06A-FA30AE3E10E2}.Debug|x86.Build.0 = Debug|Win32
		{76F32CE6-EBAB-4A67-A06A-FA30AE3E10E2}.Release|x64.ActiveCfg = Release|x64
		{76F32CE6-EBAB-4A67-A06A-FA30AE3E10E2}.Release|x64.Build.0 = Release|x64
		{76F32CE6-EBAB-4A67-A06A-FA30AE3E10E2}.Release|x86.ActiveCfg = Release|Win32
		{76F32CE6-EBAB-4A67-A06A-FA30AE3E10E2}.Release|x86.Build.0 = Release|Win32
		{6FAF6A2A-F11F-4683-9EB8-67A0EBABB8D2}.Debug|x64.ActiveCfg = Debug|x64
		{6FAF6A2A-F11F-4683-9EB8-67A0EBABB8D2}.Debug|x64.Build.0 = Debug|x64
		{6FAF6A2A-F11F-4683-9EB8-67A0EBABB8D2}.Debug|x86.ActiveCfg = Debug|Win32
		{6FAF6A2A-F11F-4683-9EB8-67A0EBABB8D2}.Debug|x86.Build.0 = Debug|Win32
		{6FAF6A2A-F11F-4683-9EB8-67A0EBABB8D2}.Release|x64.ActiveCfg = Release|x64
		{6FAF6A2A-F11F-4683-9EB8-67A0EBABB8D2}.Release|x64.Build.0 = Release|x64
		{6FAF6A2A-F11F-4683-9EB8-67A0EBABB8D2}.Release|x86.ActiveCfg = Release|Win32
		{6FAF6A2A-F11F-4683-9EB8-67A0EBABB8D2}.Release|x86.Build.0 = Release|Win32
		{1EBAE968-7025-486C-986A-6F1BCB1FECF2}.Debug|x64.ActiveCfg = Debug|x64
		{1EBAE968-7025-486C-986A-6F1BCB1FECF2}.Debug|x64.Build.0 = Debug|x64
		{1EBAE968-7025-486C-986A-6F1BCB1FECF2}.Debug|x86.ActiveCfg = Debug|Win32
		{1EBAE968-7025-486C-986A-6F1BCB1FECF2}.Debug|x86.Build.0 = Debug|Win32
		{1EBAE968-7025-486C-986A-6F1BCB1FECF2}.Release|x64.ActiveCfg = Release|x64
		{1EBAE968-7025-486C-986A-6F1BCB1FECF2}.Release|x64.Build.0 = Release|x64
		{1EBAE968-7025-486C-986A-6F1BCB1FECF2}.Release|x86.ActiveCfg = Release|Win32
		{1EBAE968-7025-486C-986A-6F1BCB1FECF2}.Release|x86.Build.0 = Release|Win32
		{136B63D2-694C-4A17-83E3-6E7106958196}.Debug|x64.ActiveCfg = Debug|x64
		{136B63D2-694C-4A17-83E3-6E7106958196}.Debug|x64.Build.0 = Debug|x64
		{136B63D2-694C-4A17-83E3-6E7106958196}.Debug|x86.ActiveCfg = Debug|Win32
		{136B63D2-694C-4A17-83E3-6E7106958196}.Debug|x86.Build.0 = Debug|Win32
		{136B63D2-694C-4A17-83E3-6E7106958196}.Release|x64.ActiveCfg = Release|x64
		{136B63D2-694C-4A17-83E3-6E7106958196}.Release|x64.Build.0 = Release|x64
		{136B63D2-694C-4A17-83E3-6E7106958196}.Release|x86.ActiveCfg = Release|Win32
		{136B63D2-694C-4A17-83E3-6E7106958196}.Release|x86.Build.0 = Release|Win32
		{89E45A64-3E80-4CBC-B9C3-3D0F2DD67A19}.Debug|x64.ActiveCfg = Debug|x64
		{89E45A64-3E80-4CBC-B9C3-3D0F2DD67A19}.Debug|x64.Build.0 = Debug|x64
		{89E45A64-3E80-4CBC-B9C3-3D0F2DD67A19}.Debug|x86.ActiveCfg = Debug|Win32
		{89E45A64-3E80-4CBC-B9C3-3D0F2DD67A19}.Debug|x86.Build.0 = Debug|Win32
		{89E45A64-3E80-4CBC-B9C3-3D0F2DD67A19}.Release|x64.ActiveCfg = Release|x64
		{89E45A64-3E80-4CBC-B9C3-3D0F2DD67A19}.Release|x64.Build.0 = Release|x64
		{89E45A64-3E80-4CBC-B9C3-3D0F2DD67A19}.Release|x86.ActiveCfg = Release|Win32
		{89E45A64-3E80-4CBC-B9C3-3D0F2DD67A19}.Release|x86.Build.0 = Release|Win32
		{CA7A0E49-5041-4EA3-975A-1F47DD76C2ED}.Debug|x64.ActiveCfg = Debug|x64
		{CA7A0E49-5041-4EA3-975A-1F47DD76C2ED}.Debug|x64.Build.0 = Debug|x64
		{CA7A0E49-5041-4EA3-975A-1F47DD76C2ED}.Debug|x86.ActiveCfg = Debug|Win32
		{CA7A0E49-5041-4EA3-975A-1F47DD76C2ED}.Debug|x86.Build.0 = Debug|Win32
		{CA7A0E49-5041-4EA3-975A-1F47DD76C2ED}.Release|x64.ActiveCfg = Release|x64
		{CA7A0E49-5041-4EA3-975A-1F47DD76C2ED}.Release|x64.Build.0 = Release|x64
		{CA7A0E49-5041-4EA3-975A-1F47DD76C2ED}.Release|x86.ActiveCfg = Release|Win32
		{CA7A0E49-5041-4EA3-975A-1F47DD76C2ED}.Release|x86.Build.0 = Release|Win32
		{06B27457-3F8D-42B3-A485-8E15EF5FE951}.Debug|x64.ActiveCfg = Debug|x64
		{06B27457-3F8D-42B3-A485-8E15EF5FE951}.Debug|x64.Build.0 = Debug|x64
		{06B27457-3F8D-42B3-A485-8E15EF5FE951}.Debug|x86.ActiveCfg = Debug|Win32
		{06B27457-3F8D-42B3-A485-8E15EF5FE951}.Debug|x86.Build.0 = Debug|Win32
		{06B27457-3F8D-42B3-A485-8E15EF5FE951}.Release|x64.ActiveCfg = Release|x64
		{06B27457-3F8D-42B3-A485-8E15EF5FE951}.Release|x64.Build.0 = Release|x64
		{06B27457-3F8D-42B3-A485-8E15EF5FE951}.Release|x86.ActiveCfg = Release|Win32
		{06B27457-3F8D-42B3-A485-8E15EF5FE951}.Release|x86.Build.0 = Release|Win32
		{4D7795F4-99CD-4CC0-A4EE-AC871927094A}.Debug|x64.ActiveCfg = Debug|x64
		{4D7795F4-99CD-4CC0-A4EE-AC871927094A}.Debug|x64.Build.0 = Debug|x64
		{4D7795F4-99CD-4CC0-A4EE-AC871927094A}.Debug|x86.ActiveCfg = Debug|Win32
		{4D7795F4-99CD-4CC0-A4EE-AC871927094A}.Debug|x86.Build.0 = Debug|Win32
		{4D7795F4-99CD-4CC0-A4EE-AC871927094A}.Release|x64.ActiveCfg = Release|x64
		{4D7795F4-99CD-4CC0-A4EE-AC871927094A}.Release|x64.Build.0 = Release|x64
		{4D7795F4-99CD-4CC0-A4EE-AC871927094A}.Release|x86.ActiveCfg = Release|Win32
		{4D7795F4-99CD-4CC0-A4EE-AC871927094A}.Release|x86.Build.0 = Release|Win32
		{17E4EAB2-F7D3-4D98-B644-1324AF946A13}.Debug|x64.ActiveCfg = Debug|x64
		{17E4EAB2-F7D3-4D98-B644-1324AF946A13}.Debug|x64.Build.0 = Debug|x64
		{17E4EAB2-F7D3-4D98-B644-1324AF946A13}.Debug|x86.ActiveCfg = Debug|Win32
		{17E4EAB2-F7D3-4D98-B644-1324AF946A13}.Debug|x86.Build.0 = Debug|Win32
		{17E4EAB2-F7D3-4D98-B644-1324AF946A13}.Release|x64.ActiveCfg = Release|x64
		{17E4EAB2-F7D3-4D98-B644-1324AF946A13}.Release|x64.Build.0 = Release|x64
		{17E4EAB2-F7D3-4D98-B644-1324AF946A13}.Release|x86.ActiveCfg = Release|Win32
		{17E4EAB2-F7D3-4D98-B644-1324AF946A13}.Release|x86.Build.0 = Release|Win32
		{E8EB11F4-4486-4114-AADA-3B5FB886EBDE}.Debug|x64.ActiveCfg = Debug|x64
		{E8EB11F4-4486-4114-AADA-3B5FB886EBDE}.Debug|x64.Build.0 = Debug|x64
		{E8EB11F4-4486-4114-AADA-3B5FB886EBDE}.Debug|x86.ActiveCfg = Debug|Win32
		{E8EB11F4-4486-4114-AADA-3B5FB886EBDE}.Debug|x86.Build.0 = Debug|Win32
		{E8EB11F4-4486-4114-AADA-3B5FB886EBDE}.Release|x64.ActiveCfg = Release|x64
		{E8EB11F4-4486-4114-AADA-3B5FB886EBDE}.Release|x64.Build.0 = Release|x64
		{E8EB11F4-4486-4114-AADA-3B5FB886EBDE}.Release|x86.ActiveCfg = Release|Win32
		{E8EB11F4-4486-4114-AADA-3B5FB886EBDE}.Release|x86.Build.0 = Release|Win32
		{D2B346F0-A1C7-499B-AC96-4173ED031155}.Debug|x64.ActiveCfg = Debug|x64
		{D2B346F0-A1C7-499B-AC96-4173ED031155}.Debug|x64.Build.0 = Debug|x64
		{D2B346F0-A1C7-499B-AC96-4173ED031155}.Debug|x86.ActiveCfg = Debug|Win32
		{D2B346F0-A1C7-499B-AC96-4173ED031155}.Debug|x86.Build.0 = Debug|Win32
		{D2B346F0-A1C7-499B-AC96-4173ED031155}.Release|x64.ActiveCfg = Release|x64
		{D2B346F0-A1C7-499B-AC96-4173ED031155}.Release|x64.Build.0 = Release|x64
		{D2B346F0-A1C7-499B-AC96-4173ED031155}.Release|x86.ActiveCfg = Release|Win32
		{D2B346F0-A1C7-499B-AC96-4173ED031155}.Release|x86.Build.0 = Release|Win32
		{D9C26BB4-3F89-42A6-9FB5-1E515107284F}.Debug|x64.ActiveCfg = Debug|x64
		{D9C26BB4-3F89-42A6-9FB5-1E515107284F}.Debug|x64.Build.0 = Debug|x64
		{D9C26BB4-3F89-42A6-9FB5-1E515107284F}.Debug|x86.ActiveCfg = Debug|Win32
		{D9C26BB4-3F89-42A6-9FB5-1E515107284F}.Debug|x86.Build.0 = Debug|Win32
		{D9C26BB4-3F89-42A6-9FB5-1E515107284F}.Release|x64.ActiveCfg = Release|x64
		{D9C26BB4-3F89-42A6-9FB5-1E515107284F}.Release|x64.Build.0 = Release|x64
		{D9C26BB4-3F89-42A6-9FB5-1E515107284F}.Release|x86.ActiveCfg = Release|Win32
		{D9C26BB4-3F89-42A6-9FB5-1E515107284F}.Release|x86.Build.0 = Release|Win32
		{C79443EB-B09F-4452-B160-23B6270B9538}.Debug|x64.ActiveCfg = Debug|x64
		{C79443EB-B09F-4452-B160-23B6270B9538}.Debug|x64.Build.0 = Debug|x64
		{C79443EB-B09F-4452-B160-23B6270B9538}.Debug|x86.ActiveCfg = Debug|Win32
		{C79443EB-B09F-4452-B160-23B6270B9538}.Debug|x86.Build.0 = Debug|Win32
		{C79443EB-B09F-4452-B160-23B6270B9538}.Release|x64.ActiveCfg = Release|x64
		{C79443EB-B09F-4452-B160-23B6270B9538}.Release|x64.Build.0 = Release|x64
		{C79443EB-B09F-4452-B160-23B6270B9538}.Release|x86.ActiveCfg = Release|Win32
		{C79443EB-B09F-4452-B160-23B6270B9538}.Release|x86.Build.0 = Release|Win32
		{0227AE95-ED8B-4CE3-83DA-F4815A9B5A17}.Debug|x64.ActiveCfg = Debug|x64
		{0227AE95-ED8B-4CE3-83DA-F4815A9B5A17}.Debug|x64.Build.0 = Debug|x64
		{0227AE95-ED8B-4CE3-83DA-F4815A9B5A17}.Debug|x86.ActiveCfg = Debug|Win32
		{0227AE95-ED8B-4CE3-83DA-F4815A9B5A17}.Debug|x86.Build.0 = Debug|Win32
		{0227AE95-ED8B-4CE3-83DA-F4815A9B5A17}.Release|x64.ActiveCfg = Release|x64
		{0227AE95-ED8B-4CE3-83DA-F4815A9B5A17}.Release|x64.Build.0 = Release|x64
		{0227AE95-ED8B-4CE3-83DA-F4815A9B5A17}.Release|x86.ActiveCfg = Release|Win32
		{0227AE95-ED8B-4CE3-83DA-F4815A9B5A17}.Release|x86.Build.0 = Release|Win32
		{AE1FC9CE-9995-424C-AAB1-3AE42C9DE370}.Debug|x64.ActiveCfg = Debug|x64
		{AE1FC9CE-9995-424C-AAB1-3AE42C9DE370}.Debug|x64.Build.0 = Debug|x64
		{AE1FC9CE-9995-424C-AAB1-3AE42C9DE370}.Debug|x86.ActiveCfg = Debug|Win32
		{AE1FC9CE-9995-424C-AAB1-3AE42C9DE370}.Debug|x86.Build.0 = Debug|Win32
		{AE1FC9CE-9995-424C-AAB1-3AE42C9DE370}.Release|x64.ActiveCfg = Release|x64
		{AE1FC9CE-9995-424C-AAB1-3AE42C9DE370}.Release|x64.Build.0 = Release|x64
		{AE1FC9CE-9995-424C-AAB1-3AE42C9DE370}.Release|x86.ActiveCfg = Release|Win32
		{AE1FC9CE-9995-424C-AAB1-3AE42C9DE370}.Release|x86.Build.0 = Release|Win32
		{A4579131-B73B-46E7-86FC-7E88DBA4C087}.Debug|x64.ActiveCfg = Debug|x64
		{A4579131-B73B-46E7-86FC-7E88DBA4C087}.Debug|x64.Build.0 = Debug|x64
		{A4579131-B73B-46E7-86FC-7E88DBA4C087}.Debug|x86.ActiveCfg = Debug|Win32
		{A4579131-B73B-46E7-86FC-7E88DBA4C087}.Debug|x86.Build.0 = Debug|Win32
		{A4579131-B73B-46E7-86FC-7E88DBA4C087}.Release|x64.ActiveCfg = Release|x64
		{A4579131-B73B-46E7-86FC-7E88DBA4C087}.Release|x64.Build.0 = Release|x64
		{A4579131-B73B-46E7-86FC-7E88DBA4C087}.Release|x86.ActiveCfg = Release|Win32
		{A4579131-B73B-46E7-86FC-7E88DBA4C087}.Release|x86.Build.0 = Release|Win32
		{2FBB598F-C592-433F-A23D-40076E97C17B}.Debug|x64.ActiveCfg = Debug|x64
		{2FBB598F-C592-433F-A23D-40076E97C17B}.Debug|x64.Build.0 = Debug|x64
		{2FBB598F-C592-433F-A23D-40076E97C17B}.Debug|x86.ActiveCfg = Debug|Win32
		{2FBB598F-C592-433F-A23D-40076E97C17B}.Debug|x86.Build.0 = Debug|Win32
		{2FBB598F-C592-433F-A23D-40076E97C17B}.Release|x64.ActiveCfg = Release|x64
		{2FBB598F-C592-433F-A23D-40076E97C17B}.Release|x64.Build.0 = Release|x64
		{2FBB598F-C592-433F-A23D-40076E97C17B}.Release|x86.ActiveCfg = Release|Win32
		{2FBB598F-C592-433F-A23D-40076E97C17B}.Release|x86.Build.0 = Release|Win32
		{D0836DA2-F207-4D90-848E-A619C8271935}.Debug|x64.ActiveCfg = Debug|x64
		{D0836DA2-F207-4D90-848E-A619C8271935}.Debug|x64.Build.0 = Debug|x64
		{D0836DA2-F207-4D90-848E-A619C8271935}.Debug|x86.ActiveCfg = Debug|Win32
		{D0836DA2-F207-4D90-848E-A619C8271935}.Debug|x86.Build.0 = Debug|Win32
		{D0836DA2-F207-4D90-848E-A619C8271935}.Release|x64.ActiveCfg = Release|x64
		{D0836DA2-F207-4D90-848E-A619C8271935}.Release|x64.Build.0 = Release|x64
		{D0836DA2-F207-4D90-848E-A619C8271935}.Release|x86.ActiveCfg = Release|Win32
		{D0836DA2-F207-4D90-848E-A619C8271935}.Release|x86.Build.0 = Release|Win32
		{9FCF7058-6674-4905-9FB5-D842A45C07E3}.Debug|x64.ActiveCfg = Debug|x64
		{9FCF7058-6674-4905-9FB5-D842A45C07E3}.Debug|x64.Build.0 = Debug|x64
		{9FCF7058-6674-4905-9FB5-D842A45C07E3}.Debug|x86.ActiveCfg = Debug|Win32
		{9FCF7058-6674-4905-9FB5-D842A45C07E3}.Debug|x86.Build.0 = Debug|Win32
		{9FCF7058-6674-4905-9FB5-D842A45C07E3}.Release|x64.ActiveCfg = Release|x64
		{9FCF7058-6674-4905-9FB5-D842A45C07E3}.Release|x64.Build.0 = Release|x64
		{9FCF7058-6674-4905-9FB5-D842A45C07E3}.Release|x86.ActiveCfg = Release|Win32
		{9FCF7058-6674-4905-9FB5-D842A45C07E3}.Release|x86.Build.0 = Release|Win32
		{7102F7E1-25E7-45A0-BD31-4BF8FAD9E034}.Debug|x64.ActiveCfg = Debug|x64
		{7102F7E1-25E7-45A0-BD31-4BF8FAD9E034}.Debug|x64.Build.0 = Debug|x64
		{7102F7E1-25E7-45A0-BD31-4BF8FAD9E034}.Debug|x86.ActiveCfg = Debug|Win32
		{7102F7E1-25E7-45A0-BD31-4BF8FAD9E034}.Debug|x86.Build.0 = Debug|Win32
		{7102F7E1-25E7-45A0-BD31-4BF8FAD9E034}.Release|x64.ActiveCfg = Release|x64
		{7102F7E1-25E7-45A0-BD31-4BF8FAD9E034}.Release|x64.Build.0 = Release|x64
		{7102F7E1-25E7-45A0-BD31-4BF8FAD9E034}.Release|x86.ActiveCfg = Release|Win32
		{7102F7E1-25E7-45A0-BD31-4BF8FAD9E034}.Release|x86.Build.0 = Release|Win32
		{5500B8B7-8641-4A66-95B8-8F805E8C12F2}.Debug|x64.ActiveCfg = Debug|x64
		{5500B8B7-8641-4A66-95B8-8F805E8C12F2}.Debug|x64.Build.0 = Debug|x64
		{5500B8B7-8641-4A66-95B8-8F805E8C12F2}.Debug|x86.ActiveCfg = Debug|Win32
		{5500B8B7-8641-4A66-95B8-8F805E8C12F2}.Debug|x86.Build.0 = Debug|Win32
		{5500B8B7-8641-4A66-95B8-8F805E8C12F2}.Release|x64.ActiveCfg = Release|x64
		{5500B8B7-8641-4A66-95B8-8F805E8C12F2}.Release|x64.Build.0 = Release|x64
		{5500B8B7-8641-4A66-95B8-8F805E8C12F2}.Release|x86.ActiveCfg = Release|Win32
		{5500B8B7-8641-4A66-95B8-8F805E8C12F2}.Release|x86.Build.0 = Release|Win32
		{F77020C6-9AF7-4544-A762-2906536046A9}.Debug|x64.ActiveCfg = Debug|x64
		{F77020C6-9AF7-4544-A762-2906536046A9}.Debug|x64.Build.0 = Debug|x64
		{F77020C6-9AF7-4544-A762-2906536046A9}.Debug|x86.ActiveCfg = Debug|Win32
		{F77020C6-9AF7-4544-A762-2906536046A9}.Debug|x86.Build.0 = Debug|Win32
		{F77020C6-9AF7-4544-A762-2906536046A9}.Release|x64.ActiveCfg = Release|x64
		{F77020C6-9AF7-4544-A762-2906536046A9}.Release|x64.Build.0 = Release|x64
		{F77020C6-9AF7-4544-A762-2906536046A9}.Release|x86.ActiveCfg = Release|Win32
		{F77020C6-9AF7-4544-A762-2906536046A9}.Release|x86.Build.0 = Release|Win32
		{137B3AE2-99A6-4E68-88C5-C25B89BA5444}.Debug|x64.ActiveCfg = Debug|x64
		{137B3AE2-99A6-4E68-88C5-C25B89BA5444}.Debug|x64.Build.0 = Debug|x64
		{137B3AE2-99A6-4E68-88C5-C25B89BA5444}.Debug|x86.ActiveCfg = Debug|Win32
		{137B3AE2-99A6-4E68-88C5-C25B89BA5444}.Debug|x86.Build.0 = Debug|Win32
		{137B3AE2-99A6-4E68-88C5-C25B89BA5444}.Release|x64.ActiveCfg = Release|x64
		{137B3AE2-99A6-4E68-88C5-C25B89BA5444}.Release|x64.Build.0 = Release|x64
		{137B3AE2-99A6-4E68-88C5-C25B89BA5444}.Release|x86.ActiveCfg = Release|Win32
		{137B3AE2-99A6-4E68-88C5-C25B89BA5444}.Release|x86.Build.0 = Release|Win32
		{5C3D02FA-9F19-45EB-85B7-9363B19E3B69}.Debug|x64.ActiveCfg = Debug|x64
		{5C3D02FA-9F19-45EB-85B7-9363B19E3B69}.Debug|x64.Build.0 = Debug|x64
		{5C3D02FA-9F19-45EB-85B7-9363B19E3B69}.Debug|x86.ActiveCfg = Debug|Win32
		{5C3D02FA-9F19-45EB-85B7-9363B19E3B69}.Debug|x86.Build.0 = Debug|Win32
		{5C3D02FA-9F19-45EB-85B7-9363B19E3B69}.Release|x64.ActiveCfg = Release|x64
		{5C3D02FA-9F19-45EB-85B7-9363B19E3B69}.Release|x64.Build.0 = Release|x64
		{5C3D02FA-9F19-45EB-85B7-9363B19E3B69}.Release|x86.ActiveCfg = Release|Win32
		{5C3D02FA-9F19-45EB-85B7-9363B19E3B69}.Release|x86.Build.0 = Release|Win32
		{D48AF574-AC18-4EC5-97BC-4140C7767D0E}.Debug|x64.ActiveCfg = Debug|x64
		{D48AF574-AC18-4EC5-97BC-4140C7767D0E}.Debug|x64.Build.0 = Debug|x64
		{D48AF574-AC18-4EC5-97BC-4140C7767D0E}.Debug|x86.ActiveCfg = Debug|Win32
		{D48AF574-AC18-4EC5-97BC-4140C7767D0E}.Debug|x86.Build.0 = Debug|Win32
		{D48AF574-AC18-4EC5-97BC-4140C7767D0E}.Release|x64.ActiveCfg = Release|x64
		{D48AF574-AC18-4EC5-97BC-4140C7767D0E}.Release|x64.Build.0 = Release|x64
		{D48AF574-AC18-4EC5-97BC-4140C7767D0E}.Release|x86.ActiveCfg = Release|Win32
		{D48AF574-AC18-4EC5-97BC-4140C7767D0E}.Release|x86.Build.0 = Release|Win32
		{0F26551E-9311-4B46-BC93-63EE46211059}.Debug|x64.ActiveCfg = Debug|x64
		{0F26551E-9311-4B46-BC93-63EE46211059}.Debug|x64.Build.0 = Debug|x64
		{0F26551E-9311-4B46-BC93-63EE46211059}.Debug|x86.ActiveCfg = Debug|Win32
		{0F26551E-9311-4B46-BC93-63EE46211059}.Debug|x86.Build.0 = Debug|Win32
		{0F26551E-9311-4B46-BC93-63EE46211059}.Release|x64.ActiveCfg = Release|x64
		{0F26551E-9311-4B46-BC93-63EE46211059}.Release|x64.Build.0 = Release|x64
		{0F26551E-9311-4B46-BC93-63EE46211059}.Release|x86.ActiveCfg = Release|Win32
		{0F26551E-9311-4B46-BC93-63EE46211059}.Release|x86.Build.0 = Release|Win32
		{5923BEB2-9399-422B-9EAA-1F292C718EDB}.Debug|x64.ActiveCfg = Debug|x64
		{5923BEB2-9399-422B-9EAA-1F292C718EDB}.Debug|x64.Build.0 = Debug|x64
		{5923BEB2-9399-422B-9EAA-1F292C718EDB}.Debug|x86.ActiveCfg = Debug|Win32
		{5923BEB2-9399-422B-9EAA-1F292C718EDB}.Debug|x86.Build.0 = Debug|Win32
		{5923BEB2-9399-422B-9EAA-1F292C718EDB}.Release|x64.ActiveCfg = Release|x64
		{5923BEB2-9399-422B-9EAA-1F292C718EDB}.Release|x64.Build.0 = Release|x64
		{5923BEB2-9399-422B-9EAA-1F292C718EDB}.Release|x86.ActiveCfg = Release|Win32
		{5923BEB2-9399-422B-9EAA-1F292C718EDB}.Release|x86.Build.0 = Release|Win32
		{5E288CCD-D556-43B8-B0F5-ABC88C103E89}.Debug|x64.ActiveCfg = Debug|x64
		{5E288CCD-D556-43B8-B0F5-ABC88C103E89}.Debug|x64.Build.0 = Debug|x64
		{5E288CCD-D556-43B8-B0F5-ABC88C103E89}.Debug|x86.ActiveCfg = Debug|Win32
		{5E288CCD-D556-43B8-B0F5-ABC88C103E89}.Debug|x86.Build.0 = Debug|Win32
		{5E288CCD-D556-43B8-B0F5-ABC88C103E89}.Release|x64.ActiveCfg = Release|x64
		{5E288CCD-D556-43B8-B0F5-ABC88C103E89}.Release|x64.Build.0 = Release|x64
		{5E288CCD-D556-43B8-B0F5-ABC88C103E89}.Release|x86.ActiveCfg = Release|Win32
		{5E288CCD-D556-43B8-B0F5-ABC88C103E89}.Release|x86.Build.0 = Release|Win32
		{F31D9F29-A4EF-4D12-83F3-3E631EF50199}.Debug|x64.ActiveCfg = Debug|x64
		{F31D9F29-A4EF-4D12-83F3-3E631EF50199}.Debug|x64.Build.0 = Debug|x64
		{F31D9F29-A4EF-4D12-83F3-3E631EF50199}.Debug|x86.ActiveCfg = Debug|Win32
		{F31D9F29-A4EF-4D12-83F3-3E631EF50199}.Debug|x86.Build.0 = Debug|Win32
		{F31D9F29-A4EF-4D12-83F3-3E631EF50199}.Release|x64.ActiveCfg = Release|x64
		{F31D9F29-A4EF-4D12-83F3-3E631EF50199}.Release|x64.Build.0 = Release|x64
		{F31D9F29-A4EF-4D12-83F3-3E631EF50199}.Release|x86.ActiveCfg = Release|Win32
		{F31D9F29-A4EF-4D12-83F3-3E631EF50199}.Release|x86.Build.0 = Release|Win32
		{E3AFFD68-5897-4CA9-83E9-6A7E7D50B750}.Debug|x64.ActiveCfg = Debug|x64
		{E3AFFD68-5897-4CA9-83E9-6A7E7D50B750}.Debug|x64.Build.0 = Debug|x64
		{E3AFFD68-5897-4CA9-83E9-6A7E7D50B750}.Debug|x86.ActiveCfg = Debug|Win32
		{E3AFFD68-5897-4CA9-83E9-6A7E7D50B750}.Debug|x86.Build.0 = Debug|Win32
		{E3AFFD68-5897-4CA9-83E9-6A7E7D50B750}.Release|x64.ActiveCfg = Release|x64
		{E3AFFD68-5897-4CA9-83E9-6A7E7D50B750}.Release|x64.Build.0 = Release|x64
		{E3AFFD68-5897-4CA9-83E9-6A7E7D50B750}.Release|x86.ActiveCfg = Release|Win32
		{E3AFFD68-5897-4CA9-83E9-6A7E7D50B750}.Release|x86.Build.0 = Release|Win32
		{5712224C-BC54-466E-BC0A-D0EB93A72484}.Debug|x64.ActiveCfg = Debug|x64
		{5712224C-BC54-466E-BC0A-D0EB93A72484}.Debug|x64.Build.0 = Debug|x64
		{5712224C-BC54-466E-BC0A-D0EB93A72484}.Debug|x86.ActiveCfg = Debug|Win32
		{5712224C-BC54-466E-BC0A-D0EB93A72484}.Debug|x86.Build.0 = Debug|Win32
		{5712224C-BC54-466E-BC0A-D0EB93A72484}.Release|x64.ActiveCfg = Release|x64
		{5712224C-BC54-466E-BC0A-D0EB93A72484}.Release|x64.Build.0 = Release|x64
		{5712224C-BC54-466E-BC0A-D0EB93A72484}.Release|x86.ActiveCfg = Release|Win32
		{5712224C-BC54-466E-BC0A-D0EB93A72484}.Release|x86.Build.0 = Release|Win32
		{9F4CFF0A-3D93-43CE-887B-E0DCEB0956A9}.Debug|x64.ActiveCfg = Debug|x64
		{9F4CFF0A-3D93-43CE-887B-E0DCEB0956A9}.Debug|x64.Build.0 = Debug|x64
		{9F4CFF0A-3D93-43CE-887B-E0DCEB0956A9}.Debug|x86.ActiveCfg = Debug|Win32
		{9F4CFF0A-3D93-43CE-887B-E0DCEB0956A9}.Debug|x86.Build.0 = Debug|Win32
		{9F4CFF0A-3D93-43CE-887B-E0DCEB0956A9}.Release|x64.ActiveCfg = Release|x64
		{9F4CFF0A-3D93-43CE-887B-E0DCEB0956A9}.Release|x64.Build.0 = Release|x64
		{9F4CFF0A-3D93-43CE-887B-E0DCEB0956A9}.Release|x86.ActiveCfg = Release|Win32
		{9F4CFF0A-3D93-43CE-887B-E0DCEB0956A9}.Release|x86.Build.0 = Release|Win32
		{9FFB9BA1-FC5E-4497-A88E-1E9BC95847CB}.Debug|x64.ActiveCfg = Debug|x64
		{9FFB9BA1-FC5E-4497-A88E-1E9BC95847CB}.Debug|x64.Build.0 = Debug|x64
		{9FFB9BA1-FC5E-4497-A88E-1E9BC95847CB}.Debug|x86.ActiveCfg = Debug|Win32
		{9FFB9BA1-FC5E-4497-A88E-1E9BC95847CB}.Debug|x86.Build.0 = Debug|Win32
		{9FFB9BA1-FC5E-4497-A88E-1E9BC95847CB}.Release|x64.ActiveCfg = Release|x64
		{9FFB9BA1-FC5E-4497-A88E-1E9BC95847CB}.Release|x64.Build.0 = Release|x64
		{9FFB9BA1-FC5E-4497-A88E-1E9BC95847CB}.Release|x86.ActiveCfg = Release|Win32
		{9FFB9BA1-FC5E-4497-A88E-1E9BC95847CB}.Release|x86.Build.0 = Release|Win32
		{8AC4A940-7FF4-40F0-90F7-7690728D775A}.Debug|x64.ActiveCfg = Debug|x64
		{8AC4A940-7FF4-40F0-90F7-7690728D775A}.Debug|x64.Build.0 = Debug|x64
		{8AC4A940-7FF4-40F0-90F7-7690728D775A}.Debug|x86.ActiveCfg = Debug|Win32
		{8AC4A940-7FF4-40F0-90F7-7690728D775A}.Debug|x86.Build.0 = Debug|Win32
		{8AC4A940-7FF4-40F0-90F7-7690728D775A}.Release|x64.ActiveCfg = Release|x64
		{8AC4A940-7FF4-40F0-90F7-7690728D775A}.Release|x64.Build.0 = Release|x64
		{8AC4A940-7FF4-40F0-90F7-7690728D775A}.Release|x86.ActiveCfg = Release|Win32
		{8AC4A940-7FF4-40F0-90F7-7690728D775A}.Release|x86.Build.0 = Release|Win32
		{B31D5982-EB4C-4017-88CA-E7FFDC192370}.Debug|x64.ActiveCfg = Debug|x64
		{B31D5982-EB4C-4017-88CA-E7FFDC192370}.Debug|x64.Build.0 = Debug|x64
		{B31D5982-EB4C-4017-88CA-E7FFDC192370}.Debug|x86.ActiveCfg = Debug|Win32
		{B31D5982-EB4C-4017-88CA-E7FFDC192370}.Debug|x86.Build.0 = Debug|Win32
		{B31D5982-EB4C-4017-88CA-E7FFDC192370}.Release|x64.ActiveCfg = Release|x64
		{B31D5982-EB4C-4017-88CA-E7FFDC192370}.Release|x64.Build.0 = Release|x64
		{B31D5982-EB4C-4017-88CA-E7FFDC192370}.Release|x86.ActiveCfg = Release|Win32
		{B31D5982-EB4C-4017-88CA-E7FFDC192370}.Release|x86.Build.0 = Release|Win32
		{5016E370-4B32-421F-96D4-337FC236B597}.Debug|x64.ActiveCfg = Debug|x64
		{5016E370-4B32-421F-96D4-337FC236B597}.Debug|x64.Build.0 = Debug|x64
		{5016E370-4B32-421F-96D4-337FC236B597}.Debug|x86.ActiveCfg = Debug|Win32
		{5016E370-4B32-421F-96D4-337FC236B597}.Debug|x86.Build.0 = Debug|Win32
		{5016E370-4B32-421F-96D4-337FC236B597}.Release|x64.ActiveCfg = Release|x64
		{5016E370-4B32-421F-96D4-337FC236B597}.Release|x64.Build.0 = Release|x64
		{5016E370-4B32-421F-96D4-337FC236B597}.Release|x86.ActiveCfg = Release|Win32
		{5016E370-4B32-421F-96D4-337FC236B597}.Release|x86.Build.0 = Release|Win32
		{8047090B-8FE7-4DC2-BC87-FC745C4736F2}.Debug|x64.ActiveCfg = Debug|x64
		{8047090B-8FE7-4DC2-BC87-FC745C4736F2}.Debug|x64.Build.0 = Debug|x64
		{8047090B-8FE7-4DC2-BC87-FC745C4736F2}.Debug|x86.ActiveCfg = Debug|Win32
		{8047090B-8FE7-4DC2-BC87-FC745C4736F2}.Debug|x86.Build.0 = Debug|Win32
		{8047090B-8FE7-4DC2-BC87-FC745C4736F2}.Release|x64.ActiveCfg = Release|x64
		{8047090B-8FE7-4DC2-BC87-FC745C4736F2}.Release|x64.Build.0 = Release|x64
		{8047090B-8FE7-4DC2-BC87-FC745C4736F2}.Release|x86.ActiveCfg = Release|Win32
		{8047090B-8FE7-4DC2-BC87-FC745C4736F2}.Release|x86.Build.0 = Release|Win32
		{EB0ED194-908C-4FFF-89E4-E671D14E564A}.Debug|x64.ActiveCfg = Debug|x64
		{EB0ED194-908C-4FFF-89E4-E671D14E564A}.Debug|x64.Build.0 = Debug|x64
		{EB0ED194-908C-4FFF-89E4-E671D14E564A}.Debug|x86.ActiveCfg = Debug|Win32
		{EB0ED194-908C-4FFF-89E4-E671D14E564A}.Debug|x86.Build.0 = Debug|Win32
		{EB0ED194-908C-4FFF-89E4-E671D14E564A}.Release|x64.ActiveCfg = Release|x64
		{EB0ED194-908C-4FFF-89E4-E671D14E564A}.Release|x64.Build.0 = Release|x64
		{EB0ED194-908C-4FFF-89E4-E671D14E564A}.Release|x86.ActiveCfg = Release|Win32
		{EB0ED194-908C-4FFF-89E4-E671D14E564A}.Release|x86.Build.0 = Release|Win32
		{AFBBF0BC-8E5E-41B2-9A74-1D9D733ABE75}.Debug|x64.ActiveCfg = Debug|x64
		{AFBBF0BC-8E5E-41B2-9A74-1D9D733ABE75}.Debug|x64.Build.0 = Debug|x64
		{AFBBF0BC-8E5E-41B2-9A74-1D9D733ABE75}.Debug|x86.ActiveCfg = Debug|Win32
		{AFBBF0BC-8E5E-41B2-9A74-1D9D733ABE75}.Debug|x86.Build.0 = Debug|Win32
		{AFBBF0BC-8E5E-41B2-9A74-1D9D733ABE75}.Release|x64.ActiveCfg = Release|x64
		{AFBBF0BC-8E5E-41B2-9A74-1D9D733ABE75}.Release|x64.Build.0 = Release|x64
		{AFBBF0BC-8E5E-41B2-9A74-1D9D733ABE75}.Release|x86.ActiveCfg = Release|Win32
		{AFBBF0BC-8E5E-41B2-9A74-1D9D733ABE75}.Release|x86.Build.0 = Release|Win32
		{0CBEB1EC-675A-45AB-9007-7DCA9B1A64CD}.Debug|x64.ActiveCfg = Debug|x64
		{0CBEB1EC-675A-45AB-9007-7DCA9B1A64CD}.Debug|x64.Build.0 = Debug|x64
		{0CBEB1EC-675A-45AB-9007-7DCA9B1A64CD}.Debug|x86.ActiveCfg = Debug|Win32
		{0CBEB1EC-675A-45AB-9007-7DCA9B1A64CD}.Debug|x86.Build.0 = Debug|Win32
		{0CBEB1EC-675A-45AB-9007-7DCA9B1A64CD}.Release|x64.ActiveCfg = Release|x64
		{0CBEB1EC-675A-45AB-9007-7DCA9B1A64CD}.Release|x64.Build.0 = Release|x64
		{0CBEB1EC-675A-45AB-9007-7DCA9B1A64CD}.Release|x86.ActiveCfg = Release|Win32
		{0CBEB1EC-675A-45AB-9007-7DCA9B1A64CD}.Release|x86.Build.0 = Release|Win32
		{B14E2D17-4446-4CDD-B8E5-44B022B163B4}.Debug|x64.ActiveCfg = Debug|x64
		{B14E2D17-4446-4CDD-B8E5-44B022B163B4}.Debug|x64.Build.0 = Debug|x64
		{B14E2D17-4446-4CDD-B8E5-44B022B163B4}.Debug|x86.ActiveCfg = Debug|Win32
		{B14E2D17-4446-4CDD-B8E5-44B022B163B4}.Debug|x86.Build.0 = Debug|Win32
		{B14E2D17-4446-4CDD-B8E5-44B022B163B4}.Release|x64.ActiveCfg = Release|x64
		{B14E2D17-4446-4CDD-B8E5-44B022B163B4}.Release|x64.Build.0 = Release|x64
		{B14E2D17-4446-4CDD-B8E5-44B022B163B4}.Release|x86.ActiveCfg = Release|Win32
		{B14E2D17-4446-4CDD-B8E5-44B022B163B4}.Release|x86.Build.0 = Release|Win32
		{967F89FB-BAA1-4EA5-8DF4-8BE3BCF89EDA}.Debug|x64.ActiveCfg = Debug|x64
		{967F89FB-BAA1-4EA5-8DF4-8BE3BCF89EDA}.Debug|x64.Build.0 = Debug|x64
		{967F89FB-BAA1-4EA5-8DF4-8BE3BCF89EDA}.Debug|x86.ActiveCfg = Debug|Win32
		{967F89FB-BAA1-4EA5-8DF4-8BE3BCF89EDA}.Debug|x86.Build.0 = Debug|Win32
		{967F89FB-BAA1-4EA5-8DF4-8BE3BCF89EDA}.Release|x64.ActiveCfg = Release|x64
		{967F89FB-BAA1-4EA5-8DF4-8BE3BCF89EDA}.Release|x64.Build.0 = Release|x64
		{967F89FB-BAA1-4EA5-8DF4-8BE3BCF89EDA}.Release|x86.ActiveCfg = Release|Win32
		{967F89FB-BAA1-4EA5-8DF4-8BE3BCF89EDA}.Release|x86.Build.0 = Release|Win32
		{0A31ADAB-C8A8-409E-9368-7F3605A37E91}.Debug|x64.ActiveCfg = Debug|x64
		{0A31ADAB-C8A8-409E-9368-7F3605A37E91}.Debug|x64.Build.0 = Debug|x64
		{0A31ADAB-C8A8-409E-9368-7F3605A37E91}.Debug|x86.ActiveCfg = Debug|Win32
		{0A31ADAB-C8A8-409E-9368-7F3605A37E91}.Debug|x86.Build.0 = Debug|Win32
		{0A31ADAB-C8A8-409E-9368-7F3605A37E91}.Release|x64.ActiveCfg = Release|x64
		{0A31ADAB-C8A8-409E-9368-7F3605A37E91}.Release|x64.Build.0 = Release|x64
		{0A31ADAB-C8A8-409E-9368-7F3605A37E91}.Release|x86.ActiveCfg = Release|Win32
		{0A31ADAB-C8A8-409E-9368-7F3605A37E91}.Release|x86.Build.0 = Release|Win32
		{D50673A2-AF29-4089-A34F-77CA5989EED0}.Debug|x64.ActiveCfg = Debug|x64
		{D50673A2-AF29-4089-A34F-77CA5989EED0}.Debug|x64.Build.0 = Debug|x64
		{D50673A2-AF29-4089-A34F-77CA5989EED0}.Debug|x86.ActiveCfg = Debug|Win32
		{D50673A2-AF29-4089-A34F-77CA5989EED0}.Debug|x86.Build.0 = Debug|Win32
		{D50673A2-AF29-4089-A34F-77CA5989EED0}.Release|x64.ActiveCfg = Release|x64
		{D50673A2-AF29-4089-A34F-77CA5989EED0}.Release|x64.Build.0 = Release|x64
		{D50673A2-AF29-4089-A34F-77CA5989EED0}.Release|x86.ActiveCfg = Release|Win32
		{D50673A2-AF29-4089-A34F-77CA5989EED0}.Release|x86.Build.0 = Release|Win32
		{E59EB41E-E6CD-429D-A8C1-3C3FB8F7A1B8}.Debug|x64.ActiveCfg = Debug|x64
		{E59EB41E-E6CD-429D-A8C1-3C3FB8F7A1B8}.Debug|x64.Build.0 = Debug|x64
		{E59EB41E-E6CD-429D-A8C1-3C3FB8F7A1B8}.Debug|x86.ActiveCfg = Debug|Win32
		{E59EB41E-E6CD-429D-A8C1-3C3FB8F7A1B8}.Debug|x86.Build.0 = Debug|Win32
		{E59EB41E-E6CD-429D-A8C1-3C3FB8F7A1B8}.Release|x64.ActiveCfg = Release|x64
		{E59EB41E-E6CD-429D-A8C1-3C3FB8F7A1B8}.Release|x64.Build.0 = Release|x64
		{E59EB41E-E6CD-429D-A8C1-3C3FB8F7A1B8}.Release|x86.ActiveCfg = Release|Win32
		{E59EB41E-E6CD-429D-A8C1-3C3FB8F7A1B8}.Release|x86.Build.0 = Release|Win32
		{A78B7774-7699-4353-B00C-E4BB278A25C8}.Debug|x64.ActiveCfg = Debug|x64
		{A78B7774-7699-4353-B00C-E4BB278A25C8}.Debug|x64.Build.0 = Debug|x64
		{A78B7774-7699-4353-B00C-E4BB278A25C8}.Debug|x86.ActiveCfg = Debug|Win32
		{A78B7774-7699-4353-B00C-E4BB278A25C8}.Debug|x86.Build.0 = Debug|Win32
		{A78B7774-7699-4353-B00C-E4BB278A25C8}.Release|x64.ActiveCfg = Release|x64
		{A78B7774-7699-4353-B00C-E4BB278A25C8}.Release|x64.Build.0 = Release|x64
		{A78B7774-7699-4353-B00C-E4BB278A25C8}.Release|x86.ActiveCfg = Release|Win32
		{A78B7774-7699-4353-B00C-E4BB278A25C8}.Release|x86.Build.0 = Release|Win32
		{5B394274-2104-43CA-86B8-609059CF0B32}.Debug|x64.ActiveCfg = Debug|x64
		{5B394274-2104-43CA-86B8-609059CF0B32}.Debug|x64.Build.0 = Debug|x64
		{5B394274-2104-43CA-86B8-609059CF0B32}.Debug|x86.ActiveCfg = Debug|Win32
		{5B394274-2104-43CA-86B8-609059CF0B32}.Debug|x86.Build.0 = Debug|Win32
		{5B394274-2104-43CA-86B8-609059CF0B32}.Release|x64.ActiveCfg = Release|x64
		{5B394274-2104-43CA-86B8-609059CF0B32}.Release|x64.Build.0 = Release|x64
		{5B394274-2104-43CA-86B8-609059CF0B32}.Release|x86.ActiveCfg = Release|Win32
		{5B394274-2104-43CA-86B8-609059CF0B32}.Release|x86.Build.0 = Release|Win32
		{5255AB7D-8598-445F-9255-764434F12223}.Debug|x64.ActiveCfg = Debug|x64
		{5255AB7D-8598-445F-9255-764434F12223}.Debug|x64.Build.0 = Debug|x64
		{5255AB7D-8598-445F-9255-764434F12223}.Debug|x86.ActiveCfg = Debug|Win32
		{5255AB7D-8598-445F-9255-764434F12223}.Debug|x86.Build.0 = Debug|Win32
		{5255AB7D-8598-445F-9255-764434F12223}.Release|x64.ActiveCfg = Release|x64
		{5255AB7D-8598-445F-9255-764434F12223}.Release|x64.Build.0 = Release|x64
		{5255AB7D-8598-445F-9255-764434F12223}.Release|x86.ActiveCfg = Release|Win32
		{5255AB7D-8598-445F-9255-764434F12223}.Release|x86.Build.0 = Release|Win32
		{FE4535C4-4395-40D4-AAF0-5602AFF4BC29}.Debug|x64.ActiveCfg = Debug|x64
		{FE4535C4-4395-40D4-AAF0-5602AFF4BC29}.Debug|x64.Build.0 = Debug|x64
		{FE4535C4-4395-40D4-AAF0-5602AFF4BC29}.Debug|x86.ActiveCfg = Debug|Win32
		{FE4535C4-4395-40D4-AAF0-5602AFF4BC29}.Debug|x86.Build.0 = Debug|Win32
		{FE4535C4-4395-40D4-AAF0-5602AFF4BC29}.Release|x64.ActiveCfg = Release|x64
		{FE4535C4-4395-40D4-AAF0-5602AFF4BC29}.Release|x64.Build.0 = Release|x64
		{FE4535C4-4395-40D4-AAF0-5602AFF4BC29}.Release|x86.ActiveCfg = Release|Win32
		{FE4535C4-4395-40D4-AAF0-5602AFF4BC29}.Release|x86.Build.0 = Release|Win32
		{2D094889-113B-4191-ACB5-FC62A77BCB6F}.Debug|x64.ActiveCfg = Debug|x64
		{2D094889-113B-4191-ACB5-FC62A77BCB6F}.Debug|x64.Build.0 = Debug|x64
		{2D094889-113B-4191-ACB5-FC62A77BCB6F}.Debug|x86.ActiveCfg = Debug|Win32
		{2D094889-113B-4191-ACB5-FC62A77BCB6F}.Debug|x86.Build.0 = Debug|Win32
		{2D094889-113B-4191-ACB5-FC62A77BCB6F}.Release|x64.ActiveCfg = Release|x64
		{2D094889-113B-4191-ACB5-FC62A77BCB6F}.Release|x64.Build.0 = Release|x64
		{2D094889-113B-4191-ACB5-FC62A77BCB6F}.Release|x86.ActiveCfg = Release|Win32
		{2D094889-113B-4191-ACB5-FC62A77BCB6F}.Release|x86.Build.0 = Release|Win32
		{4B695225-C65C-44EA-9C19-D274A9E3BF76}.Debug|x64.ActiveCfg = Debug|x64
		{4B695225-C65C-44EA-9C19-D274A9E3BF76}.Debug|x64.Build.0 = Debug|x64
		{4B695225-C65C-44EA-9C19-D274A9E3BF76}.Debug|x86.ActiveCfg = Debug|Win32
		{4B695225-C65C-44EA-9C19-D274A9E3BF76}.Debug|x86.Build.0 = Debug|Win32
		{4B695225-C65C-44EA-9C19-D274A9E3BF76}.Release|x64.ActiveCfg = Release|x64
		{4B695225-C65C-44EA-9C19-D274A9E3BF76}.Release|x64.Build.0 = Release|x64
		{4B695225-C65C-44EA-9C19-D274A9E3BF76}.Release|x86.ActiveCfg = Release|Win32
		{4B695225-C65C-44EA-9C19-D274A9E3BF76}.Release|x86.Build.0 = Release|Win32
		{9B1BE1D1-FE17-4E6C-A583-CE51F0A1197D}.Debug|x64.ActiveCfg = Debug|x64
		{9B1BE1D1-FE17-4E6C-A583-CE51F0A1197D}.Debug|x64.Build.0 = Debug|x64
		{9B1BE1D1-FE17-4E6C-A583-CE51F0A1197D}.Debug|x86.ActiveCfg = Debug|Win32
		{9B1BE1D1-FE17-4E6C-A583-CE51F0A1197D}.Debug|x86.Build.0 = Debug|Win32
		{9B1BE1D1-FE17-4E6C-A583-CE51F0A1197D}.Release|x64.ActiveCfg = Release|x64
		{9B1BE1D1-FE17-4E6C-A583-CE51F0A1197D}.Release|x64.Build.0 = Release|x64
		{9B1BE1D1-FE17-4E6C-A583-CE51F0A1197D}.Release|x86.ActiveCfg = Release|Win32
		{9B1BE1D1-FE17-4E6C-A583-CE51F0A1197D}.Release|x86.Build.0 = Release|Win32
		{6ACD1E14-FFA5-4065-A8B4-8E7461461F9F}.Debug|x64.ActiveCfg = Debug|x64
		{6ACD1E14-FFA5-4065-A8B4-8E7461461F9F}.Debug|x64.Build.0 = Debug|x64
		{6ACD1E14-FFA5-4065-A8B4-8E7461461F9F}.Debug|x86.ActiveCfg = Debug|Win32
		{6ACD1E14-FFA5-4065-A8B4-8E7461461F9F}.Debug|x86.Build.0 = Debug|Win32
		{6ACD1E14-FFA5-4065-A8B4-8E7461461F9F}.Release|x64.ActiveCfg = Release|x64
		{6ACD1E14-FFA5-4065-A8B4-8E7461461F9F}.Release|x64.Build.0 = Release|x64
		{6ACD1E14-FFA5-4065-A8B4-8E7461461F9F}.Release|x86.ActiveCfg = Release|Win32
		{6ACD1E14-FFA5-4065-A8B4-8E7461461F9F}.Release|x86.Build.0 = Release|Win32
		{C8E16DC3-1DED-44AF-8F2A-A246B42A84C4}.Debug|x64.ActiveCfg = Debug|x64
		{C8E16DC3-1DED-44AF-8F2A-A246B42A84C4}.Debug|x64.Build.0 = Debug|x64
		{C8E16DC3-1DED-44AF-8F2A-A246B42A84C4}.Debug|x86.ActiveCfg = Debug|Win32
		{C8E16DC3-1DED-44AF-8F2A-A246B42A84C4}.Debug|x86.Build.0 = Debug|Win32
		{C8E16DC3-1DED-44AF-8F2A-A246B42A84C4}.Release|x64.ActiveCfg = Release|x64
		{C8E16DC3-1DED-44AF-8F2A-A246B42A84C4}.Release|x64.Build.0 = Release|x64
		{C8E16DC3-1DED-44AF-8F2A-A246B42A84C4}.Release|x86.ActiveCfg = Release|Win32
		{C8E16DC3-1DED-44AF-8F2A-A246B42A84C4}.Release|x86.Build.0 = Release|Win32
		{259F8EDA-1191-42AA-8A42-F580C7459243}.Debug|x64.ActiveCfg = Debug|x64
		{259F8EDA-1191-42AA-8A42-F580C7459243}.Debug|x64.Build.0 = Debug|x64
		{259F8EDA-1191-42AA-8A42-F580C7459243}.Debug|x86.ActiveCfg = Debug|Win32
		{259F8EDA-1191-42AA-8A42-F580C7459243}.Debug|x86.Build.0 = Debug|Win32
		{259F8EDA-1191-42AA-8A42-F580C7459243}.Release|x64.ActiveCfg = Release|x64
		{259F8EDA-1191-42AA-8A42-F580C7459243}.Release|x64.Build.0 = Release|x64
		{259F8EDA-1191-42AA-8A42-F580C7459243}.Release|x86.ActiveCfg = Release|Win32
		{259F8EDA-1191-42AA-8A42-F580C7459243}.Release|x86.Build.0 = Release|Win32
		{0F222D81-C906-46D9-ABAF-913E8ED940DD}.Debug|x64.ActiveCfg = Debug|x64
		{0F222D81-C906-46D9-ABAF-913E8ED940DD}.Debug|x64.Build.0 = Debug|x64
		{0F222D81-C906-46D9-ABAF-913E8ED940DD}.Debug|x86.ActiveCfg = Debug|Win32
		{0F222D81-C906-46D9-ABAF-913E8ED940DD}.Debug|x86.Build.0 = Debug|Win32
		{0F222D81-C906-46D9-ABAF-913E8ED940DD}.Release|x64.ActiveCfg = Release|x64
		{0F222D81-C906-46D9-ABAF-913E8ED940DD}.Release|x64.Build.0 = Release|x64
		{0F222D81-C906-46D9-ABAF-913E8ED940DD}.Release|x86.ActiveCfg = Release|Win32
		{0F222D81-C906-46D9-ABAF-913E8ED940DD}.Release|x86.Build.0 = Release|Win32
		{7EF902CF-79B1-48E1-9771-2ABC22ED9E20}.Debug|x64.ActiveCfg = Debug|x64
		{7EF902CF-79B1-48E1-9771-2ABC22ED9E20}.Debug|x64.Build.0 = Debug|x64
		{7EF902CF-79B1-48E1-9771-2ABC22ED9E20}.Debug|x86.ActiveCfg = Debug|Win32
		{7EF902CF-79B1-48E1-9771-2ABC22ED9E20}.Debug|x86.Build.0 = Debug|Win32
		{7EF902CF-79B1-48E1-9771-2ABC22ED9E20}.Release|x64.ActiveCfg = Release|x64
		{7EF902CF-79B1-48E1-9771-2ABC22ED9E20}.Release|x64.Build.0 = Release|x64
		{7EF902CF-79B1-48E1-9771-2ABC22ED9E20}.Release|x86.ActiveCfg = Release|Win32
		{7EF902CF-79B1-48E1-9771-2ABC22ED9E20}.Release|x86.Build.0 = Release|Win32
		{3332BAB5-CE0F-47D7-A126-0518125EC97D}.Debug|x64.ActiveCfg = Debug|x64
		{3332BAB5-CE0F-47D7-A126-0518125EC97D}.Debug|x64.Build.0 = Debug|x64
		{3332BAB5-CE0F-47D7-A126-0518125EC97D}.Debug|x86.ActiveCfg = Debug|Win32
		{3332BAB5-CE0F-47D7-A126-0518125EC97D}.Debug|x86.Build.0 = Debug|Win32
		{3332BAB5-CE0F-47D7-A126-0518125EC97D}.Release|x64.ActiveCfg = Release|x64
		{3332BAB5-CE0F-47D7-A126-0518125EC97D}.Release|x64.Build.0 = Release|x64
		{3332BAB5-CE0F-47D7-A126-0518125EC97D}.Release|x86.ActiveCfg = Release|Win32
		{3332BAB5-CE0F-47D7-A126-0518125EC97D}.Release|x86.Build.0 = Release|Win32
		{66302761-FC88-4D4B-8CEA-C46F02D35E30}.Debug|x64.ActiveCfg = Debug|x64
		{66302761-FC88-4D4B-8CEA-C46F02D35E30}.Debug|x64.Build.0 = Debug|x64
		{66302761-FC88-4D4B-8CEA-C46F02D35E30}.Debug|x86.ActiveCfg = Debug|Win32
		{66302761-FC88-4D4B-8CEA-C46F02D35E30}.Debug|x86.Build.0 = Debug|Win32
		{66302761-FC88-4D4B-8CEA-C46F02D35E30}.Release|x64.ActiveCfg = Release|x64
		{66302761-FC88-4D4B-8CEA-C46F02D35E30}.Release|x64.Build.0 = Release|x64
		{66302761-FC88-4D4B-8CEA-C46F02D35E30}.Release|x86.ActiveCfg = Release|Win32
		{66302761-FC88-4D4B-8CEA-C46F02D35E30}.Release|x86.Build.0 = Release|Win32
		{92F3DB4E-AAC7-4FAD-99FE-F6F7BDA2BDB3}.Debug|x64.ActiveCfg = Debug|x64
		{92F3DB4E-AAC7-4FAD-99FE-F6F7BDA2BDB3}.Debug|x64.Build.0 = Debug|x64
		{92F3DB4E-AAC7-4FAD-99FE-F6F7BDA2BDB3}.Debug|x86.ActiveCfg = Debug|Win32
		{92F3DB4E-AAC7-4FAD-99FE-F6F7BDA2BDB3}.Debug|x86.Build.0 = Debug|Win32
		{92F3DB4E-AAC7-4FAD-99FE-F6F7BDA2BDB3}.Release|x64.ActiveCfg = Release|x64
		{92F3DB4E-AAC7-4FAD-99FE-F6F7BDA2BDB3}.Release|x64.Build.0 = Release|x64
		{92F3DB4E-AAC7-4FAD-99FE-F6F7BDA2BDB3}.Release|x86.ActiveCfg = Release|Win32
		{92F3DB4E-AAC7-4FAD-99FE-F6F7BDA2BDB3}.Release|x86.Build.0 = Release|Win32
		{EC0B69F4-72DE-4F94-9690-45A6B7B1FCE9}.Debug|x64.ActiveCfg = Debug|x64
		{EC0B69F4-72DE-4F94-9690-45A6B7B1FCE9}.Debug|x64.Build.0 = Debug|x64
		{EC0B69F4-72DE-4F94-9690-45A6B7B1FCE9}.Debug|x86.ActiveCfg = Debug|Win32
		{EC0B69F4-72DE-4F94-9690-45A6B7B1FCE9}.Debug|x86.Build.0 = Debug|Win32
		{EC0B69F4-72DE-4F94-9690-45A6B7B1FCE9}.Release|x64.ActiveCfg = Release|x64
		{EC0B69F4-72DE-4F94-9690-45A6B7B1FCE9}.Release|x64.Build.0 = Release|x64
		{EC0B69F4-72DE-4F94-9690-45A6B7B1FCE9}.Release|x86.ActiveCfg = Release|Win32
		{EC0B69F4-72DE-4F94-9690-45A6B7B1FCE9}.Release|x86.Build.0 = Release|Win32
		{3B4C97CD-EC4C-48B1-99F7-227DB7FCE59C}.Debug|x64.ActiveCfg = Debug|x64
		{3B4C97CD-EC4C-48B1-99F7-227DB7FCE59C}.Debug|x64.Build.0 = Debug|x64
		{3B4C97CD-EC4C-48B1-99F7-227DB7FCE59C}.Debug|x86.ActiveCfg = Debug|Win32
		{3B4C97CD-EC4C-48B1-99F7-227DB7FCE59C}.Debug|x86.Build.0 = Debug|Win32
		{3B4C97CD-EC4C-48B1-99F7-227DB7FCE59C}.Release|x64.ActiveCfg = Release|x64
		{3B4C97CD-EC4C-48B1-99F7-227DB7FCE59C}.Release|x64.Build.0 = Release|x64
		{3B4C97CD-EC4C-48B1-99F7-227DB7FCE59C}.Release|x86.ActiveCfg = Release|Win32
		{3B4C97CD-EC4C-48B1-99F7-227DB7FCE59C}.Release|x86.Build.0 = Release|Win32
		{CED1BABC-5FDA-48B9-A870-12D5A129DE39}.Debug|x64.ActiveCfg = Debug|x64
		{CED1BABC-5FDA-48B9-A870-12D5A129DE39}.Debug|x64.Build.0 = Debug|x64
		{CED1BABC-5FDA-48B9-A870-12D5A129DE39}.Debug|x86.ActiveCfg = Debug|Win32
		{CED1BABC-5FDA-48B9-A870-12D5A129DE39}.Debug|x86.Build.0 = Debug|Win32
		{CED1BABC-5FDA-48B9-A870-12D5A129DE39}.Release|x64.ActiveCfg = Release|x64
		{CED1BABC-5FDA-48B9-A870-12D5A129DE39}.Release|x64.Build.0 = Release|x64
		{CED1BABC-5FDA-48B9-A870-12D5A129DE39}.Release|x86.ActiveCfg = Release|Win32
		{CED1BABC-5FDA-48B9-A870-12D5A129DE39}.Release|x86.Build.0 = Release|Win32
		{81423A7B-4CA2-44EF-855A-F19B597625F8}.Debug|x64.ActiveCfg = Debug|x64
		{81423A7B-4CA2-44EF-855A-F19B597625F8}.Debug|x64.Build.0 = Debug|x64
		{81423A7B-4CA2-44EF-855A-F19B597625F8}.Debug|x86.ActiveCfg = Debug|Win32
		{81423A7B-4CA2-44EF-855A-F19B597625F8}.Debug|x86.Build.0 = Debug|Win32
		{81423A7B-4CA2-44EF-855A-F19B597625F8}.Release|x64.ActiveCfg = Release|x64
		{81423A7B-4CA2-44EF-855A-F19B597625F8}.Release|x64.Build.0 = Release|x64
		{81423A7B-4CA2-44EF-855A-F19B597625F8}.Release|x86.ActiveCfg = Release|Win32
		{81423A7B-4CA2-44EF-855A-F19B597625F8}.Release|x86.Build.0 = Release|Win32
		{E30E1ADE-1E33-499D-B917-E6AF027D7E15}.Debug|x64.ActiveCfg = Debug|x64
		{E30E1ADE-1E33-499D-B917-E6AF027D7E15}.Debug|x64.Build.0 = Debug|x64
		{E30E1ADE-1E33-499D-B917-E6AF027D7E15}.Debug|x86.ActiveCfg = Debug|Win32
		{E30E1ADE-1E33-499D-B917-E6AF027D7E15}.Debug|x86.Build.0 = Debug|Win32
		{E30E1ADE-1E33-499D-B917-E6AF027D7E15}.Release|x64.ActiveCfg = Release|x64
		{E30E1ADE-1E33-499D-B917-E6AF027D7E15}.Release|x64.Build.0 = Release|x64
		{E30E1ADE-1E33-499D-B917-E6AF027D7E15}.Release|x86.ActiveCfg = Release|Win32
		{E30E1ADE-1E33-499D-B917-E6AF027D7E15}.Release|x86.Build.0 = Release|Win32
		{82DDD8B4-D2C2-4576-B638-28A94A1F39A5}.Debug|x64.ActiveCfg = Debug|x64
		{82DDD8B4-D2C2-4576-B638-28A94A1F39A5}.Debug|x64.Build.0 = Debug|x64
		{82DDD8B4-D2C2-4576-B638-28A94A1F39A5}.Debug|x86.ActiveCfg = Debug|Win32
		{82DDD8B4-D2C2-4576-B638-28A94A1F39A5}.Debug|x86.Build.0 = Debug|Win32
		{82DDD8B4-D2C2-4576-B638-28A94A1F39A5}.Release|x64.ActiveCfg = Release|x64
		{82DDD8B4-D2C2-4576-B638-28A94A1F39A5}.Release|x64.Build.0 = Release|x64
		{82DDD8B4-D2C2-4576-B638-28A94A1F39A5}.Release|x86.ActiveCfg = Release|Win32
		{82DDD8B4-D2C2-4576-B638-28A94A1F39A5}.Release|x86.Build.0 = Release|Win32
		{6C9F6F9B-BCA0-47C3-9FED-1DA5CAAADED0}.Debug|x64.ActiveCfg = Debug|x64
		{6C9F6F9B-BCA0-47C3-9FED-1DA5CAAADED0}.Debug|x64.Build.0 = Debug|x64
		{6C9F6F9B-BCA0-47C3-9FED-1DA5CAAADED0}.Debug|x86.ActiveCfg = Debug|Win32
		{6C9F6F9B-BCA0-47C3-9FED-1DA5CAAADED0}.Debug|x86.Build.0 = Debug|Win32
		{6C9F6F9B-BCA0-47C3-9FED-1DA5CAAADED0}.Release|x64.ActiveCfg = Release|x64
		{6C9F6F9B-BCA0-47C3-9FED-1DA5CAAADED0}.Release|x64.Build.0 = Release|x64
		{6C9F6F9B-BCA0-47C3-9FED-1DA5CAAADED0}.Release|x86.ActiveCfg = Release|Win32
		{6C9F6F9B-BCA0-47C3-9FED-1DA5CAAADED0}.Release|x86.Build.0 = Release|Win32
		{6FF204A1-5365-4F3D-B4A5-DCC9D38658FF}.Debug|x64.ActiveCfg = Debug|x64
		{6FF204A1-5365-4F3D-B4A5-DCC9D38658FF}.Debug|x64.Build.0 = Debug|x64
		{6FF204A1-5365-4F3D-B4A5-DCC9D38658FF}.Debug|x86.ActiveCfg = Debug|Win32
		{6FF204A1-5365-4F3D-B4A5-DCC9D38658FF}.Debug|x86.Build.0 = Debug|Win32
		{6FF204A1-5365-4F3D-B4A5-DCC9D38658FF}.Release|x64.ActiveCfg = Release|x64
		{6FF204A1-5365-4F3D-B4A5-DCC9D38658FF}.Release|x64.Build.0 = Release|x64
		{6FF204A1-5365-4F3D-B4A5-DCC9D38658FF}.Release|x86.ActiveCfg = Release|Win32
		{6FF204A1-5365-4F3D-B4A5-DCC9D38658FF}.Release|x86.Build.0 = Release|Win32
		{FA0571A6-AB0C-49A2-9C48-CD6FF66E704A}.Debug|x64.ActiveCfg = Debug|x64
		{FA0571A6-AB0C-49A2-9C48-CD6FF66E704A}.Debug|x64.Build.0 = Debug|x64
		{FA0571A6-AB0C-49A2-9C48-CD6FF66E704A}.Debug|x86.ActiveCfg = Debug|Win32
		{FA0571A6-AB0C-49A2-9C48-CD6FF66E704A}.Debug|x86.Build.0 = Debug|Win32
		{FA0571A6-AB0C-49A2-9C48-CD6FF66E704A}.Release|x64.ActiveCfg = Release|x64
		{FA0571A6-AB0C-49A2-9C48-CD6FF66E704A}.Release|x64.Build.0 = Release|x64
		{FA0571A6-AB0C-49A2-9C48-CD6FF66E704A}.Release|x86.ActiveCfg = Release|Win32
		{FA0571A6-AB0C-49A2-9C48-CD6FF66E704A}.Release|x86.Build.0 = Release|Win32
		{DBE964D8-73A3-4555-9013-9F1D969A51F7}.Debug|x64.ActiveCfg = Debug|x64
		{DBE964D8-73A3-4555-9013-9F1D969A51F7}.Debug|x64.Build.0 = Debug|x64
		{DBE964D8-73A3-4555-9013-9F1D969A51F7}.Debug|x86.ActiveCfg = Debug|Win32
		{DBE964D8-73A3-4555-9013-9F1D969A51F7}.Debug|x86.Build.0 = Debug|Win32
		{DBE964D8-73A3-4555-9013-9F1D969A51F7}.Release|x64.ActiveCfg = Release|x64
		{DBE964D8-73A3-4555-9013-9F1D969A51F7}.Release|x64.Build.0 = Release|x64
		{DBE964D8-73A3-4555-9013-9F1D969A51F7}.Release|x86.ActiveCfg = Release|Win32
		{DBE964D8-73A3-4555-9013-9F1D969A51F7}.Release|x86.Build.0 = Release|Win32
		{EFF74DC5-D2B5-4C59-9CFC-096C6209E7C4}.Debug|x64.ActiveCfg = Debug|x64
		{EFF74DC5-D2B5-4C59-9CFC-096C6209E7C4}.Debug|x64.Build.0 = Debug|x64
		{EFF74DC5-D2B5-4C59-9CFC-096C6209E7C4}.Debug|x86.ActiveCfg = Debug|Win32
		{EFF74DC5-D2B5-4C59-9CFC-096C6209E7C4}.Debug|x86.Build.0 = Debug|Win32
		{EFF74DC5-D2B5-4C59-9CFC-096C6209E7C4}.Release|x64.ActiveCfg = Release|x64
		{EFF74DC5-D2B5-4C59-9CFC-096C6209E7C4}.Release|x64.Build.0 = Release|x64
		{EFF74DC5-D2B5-4C59-9CFC-096C6209E7C4}.Release|x86.ActiveCfg = Release|Win32
		{EFF74DC5-D2B5-4C59-9CFC-096C6209E7C4}.Release|x86.Build.0 = Release|Win32
		{E9BC01FA-DF3B-4FD4-AAD9-C2BA3A1D1695}.Debug|x64.ActiveCfg = Debug|x64
		{E9BC01FA-DF3B-4FD4-AAD9-C2BA3A1D1695}.Debug|x64.Build.0 = Debug|x64
		{E9BC01FA-DF3B-4FD4-AAD9-C2BA3A1D1695}.Debug|x86.ActiveCfg = Debug|Win32
		{E9BC01FA-DF3B-4FD4-AAD9-C2BA3A1D1695}.Debug|x86.Build.0 = Debug|Win32
		{E9BC01FA-DF3B-4FD4-AAD9-C2BA3A1D1695}.Release|x64.ActiveCfg = Release|x64
		{E9BC01FA-DF3B-4FD4-AAD9-C2BA3A1D1695}.Release|x64.Build.0 = Release|x64
		{E9BC01FA-DF3B-4FD4-AAD9-C2BA3A1D1695}.Release|x86.ActiveCfg = Release|Win32
		{E9BC01FA-DF3B-4FD4-AAD9-C2BA3A1D1695}.Release|x86.Build.0 = Release|Win32
		{1A57E8E0-0D89-4D0C-BE88-7AB50369E0A5}.Debug|x64.ActiveCfg = Debug|x64
		{1A57E8E0-0D89-4D0C-BE88-7AB50369E0A5}.Debug|x64.Build.0 = Debug|x64
		{1A57E8E0-0D89-4D0C-BE88-7AB50369E0A5}.Debug|x86.ActiveCfg = Debug|Win32
		{1A57E8E0-0D89-4D0C-BE88-7AB50369E0A5}.Debug|x86.Build.0 = Debug|Win32
		{1A57E8E0-0D89-4D0C-BE88-7AB50369E0A5}.Release|x64.ActiveCfg = Release|x64
		{1A57E8E0-0D89-4D0C-BE88-7AB50369E0A5}.Release|x64.Build.0 = Release|x64
		{1A57E8E0-0D89-4D0C-BE88-7AB50369E0A5}.Release|x86.ActiveCfg = Release|Win32
		{1A57E8E0-0D89-4D0C-BE88-7AB50369E0A5}.Release|x86.Build.0 = Release|Win32
		{BFA85160-29C0-44E1-910A-6A57842E4FA7}.Debug|x64.ActiveCfg = Debug|x64
		{BFA85160-29C0-44E1-910A-6A57842E4FA7}.Debug|x64.Build.0 = Debug|x64
		{BFA85160-29C0-44E1-910A-6A57842E4FA7}.Debug|x86.ActiveCfg = Debug|Win32
		{BFA85160-29C0-44E1-910A-6A57842E4FA7}.Debug|x86.Build.0 = Debug|Win32
		{BFA85160-29C0-44E1-910A-6A57842E4FA7}.Release|x64.ActiveCfg = Release|x64
		{BFA85160-29C0-44E1-910A-6A57842E4FA7}.Release|x64.Build.0 = Release|x64
		{BFA85160-29C0-44E1-910A-6A57842E4FA7}.Release|x86.ActiveCfg = Release|Win32
		{BFA85160-29C0-44E1-910A-6A57842E4FA7}.Release|x86.Build.0 = Release|Win32
		{05336F6C-BC3C-4A0F-B49B-61D36B9C3FAF}.Debug|x64.ActiveCfg = Debug|x64
		{05336F6C-BC3C-4A0F-B49B-61D36B9C3FAF}.Debug|x64.Build.0 = Debug|x64
		{05336F6C-BC3C-4A0F-B49B-61D36B9C3FAF}.Debug|x86.ActiveCfg = Debug|Win32
		{05336F6C-BC3C-4A0F-B49B-61D36B9C3FAF}.Debug|x86.Build.0 = Debug|Win32
		{05336F6C-BC3C-4A0F-B49B-61D36B9C3FAF}.Release|x64.ActiveCfg = Release|x64
		{05336F6C-BC3C-4A0F-B49B-61D36B9C3FAF}.Release|x64.Build.0 = Release|x64
		{05336F6C-BC3C-4A0F-B49B-61D36B9C3FAF}.Release|x86.ActiveCfg = Release|Win32
		{05336F6C-BC3C-4A0F-B49B-61D36B9C3FAF}.Release|x86.Build.0 = Release|Win32
		{2CD7342A-6970-4462-96E6-607E2582C573}.Debug|x64.ActiveCfg = Debug|x64
		{2CD7342A-6970-4462-96E6-607E2582C573}.Debug|x64.Build.0 = Debug|x64
		{2CD7342A-6970-4462-96E6-607E2582C573}.Debug|x86.ActiveCfg = Debug|Win32
		{2CD7342A-6970-4462-96E6-607E2582C573}.Debug|x86.Build.0 = Debug|Win32
		{2CD7342A-6970-4462-96E6-607E2582C573}.Release|x64.ActiveCfg = Release|x64
		{2CD7342A-6970-4462-96E6-607E2582C573}.Release|x64.Build.0 = Release|x64
		{2CD7342A-6970-4462-96E6-607E2582C573}.Release|x86.ActiveCfg = Release|Win32
		{2CD7342A-6970-4462-96E6-607E2582C573}.Release|x86.Build.0 = Release|Win32
		{E2A5E44B-C836-4B84-AFC3-BF5FE070F2A9}.Debug|x64.ActiveCfg = Debug|x64
		{E2A5E44B-C836-4B84-AFC3-BF5FE070F2A9}.Debug|x64.Build.0 = Debug|x64
		{E2A5E44B-C836-4B84-AFC3-BF5FE070F2A9}.Debug|x86.ActiveCfg = Debug|Win32
		{E2A5E44B-C836-4B84-AFC3-BF5FE070F2A9}.Debug|x86.Build.0 = Debug|Win32
		{E2A5E44B-C836-4B84-AFC3-BF5FE070F2A9}.Release|x64.ActiveCfg = Release|x64
		{E2A5E44B-C836-4B84-AFC3-BF5FE070F2A9}.Release|x64.Build.0 = Release|x64
		{E2A5E44B-C836-4B84-AFC3-BF5FE070F2A9}.Release|x86.ActiveCfg = Release|Win32
		{E2A5E44B-C836-4B84-AFC3-BF5FE070F2A9}.Release|x86.Build.0 = Release|Win32
		{9A03C0F6-B40A-4F04-A5DB-11353FDECDEE}.Debug|x64.ActiveCfg = Debug|x64
		{9A03C0F6-B40A-4F04-A5DB-11353FDECDEE}.Debug|x64.Build.0 = Debug|x64
		{9A03C0F6-B40A-4F04-A5DB-11353FDECDEE}.Debug|x86.ActiveCfg = Debug|Win32
		{9A03C0F6-B40A-4F04-A5DB-11353FDECDEE}.Debug|x86.Build.0 = Debug|Win32
		{9A03C0F6-B40A-4F04-A5DB-11353FDECDEE}.Release|x64.ActiveCfg = Release|x64
		{9A03C0F6-B40A-4F04-A5DB-11353FDECDEE}.Release|x64.Build.0 = Release|x64
		{9A03C0F6-B40A-4F04-A5DB-11353FDECDEE}.Release|x86.ActiveCfg = Release|Win32
		{9A03C0F6-B40A-4F04-A5DB-11353FDECDEE}.Release|x86.Build.0 = Release|Win32
		{B60BFB4D-C67A-4AA1-BCA7-DAC9BA52A109}.Debug|x64.ActiveCfg = Debug|x64
		{B60BFB4D-C67A-4AA1-BCA7-DAC9BA52A109}.Debug|x64.Build.0 = Debug|x64
		{B60BFB4D-C67A-4AA1-BCA7-DAC9BA52A109}.Debug|x86.ActiveCfg = Debug|Win32
		{B60BFB4D-C67A-4AA1-BCA7-DAC9BA52A109}.Debug|x86.Build.0 = Debug|Win32
		{B60BFB4D-C67A-4AA1-BCA7-DAC9BA52A109}.Release|x64.ActiveCfg = Release|x64
		{B60BFB4D-C67A-4AA1-BCA7-DAC9BA52A109}.Release|x64.Build.0 = Release|x64
		{B60BFB4D-C67A-4AA1-BCA7-DAC9BA52A109}.Release|x86.ActiveCfg = Release|Win32
		{B60BFB4D-C67A-4AA1-BCA7-DAC9BA52A109}.Release|x86.Build.0 = Release|Win32
		{B78F78F3-430D-45CC-943E-F5E1286294D1}.Debug|x64.ActiveCfg = Debug|x64
		{B78F78F3-430D-45CC-943E-F5E1286294D1}.Debug|x64.Build.0 = Debug|x64
		{B78F78F3-430D-45CC-943E-F5E1286294D1}.Debug|x86.ActiveCfg = Debug|Win32
		{B78F78F3-430D-45CC-943E-F5E1286294D1}.Debug|x86.Build.0 = Debug|Win32
		{B78F78F3-430D-45CC-943E-F5E1286294D1}.Release|x64.ActiveCfg = Release|x64
		{B78F78F3-430D-45CC-943E-F5E1286294D1}.Release|x64.Build.0 = Release|x64
		{B78F78F3-430D-45CC-943E-F5E1286294D1}.Release|x86.ActiveCfg = Release|Win32
		{B78F78F3-430D-45CC-943E-F5E1286294D1}.Release|x86.Build.0 = Release|Win32
		{DAD52CC4-AF08-45A8-A136-B848C71740D9}.Debug|x64.ActiveCfg = Debug|x64
		{DAD52CC4-AF08-45A8-A136-B848C71740D9}.Debug|x64.Build.0 = Debug|x64
		{DAD52CC4-AF08-45A8-A136-B848C71740D9}.Debug|x86.ActiveCfg = Debug|Win32
		{DAD52CC4-AF08-45A8-A136-B848C71740D9}.Debug|x86.Build.0 = Debug|Win32
		{DAD52CC4-AF08-45A8-A136-B848C71740D9}.Release|x64.ActiveCfg = Release|x64
		{DAD52CC4-AF08-45A8-A136-B848C71740D9}.Release|x64.Build.0 = Release|x64
		{DAD52CC4-AF08-45A8-A136-B848C71740D9}.Release|x86.ActiveCfg = Release|Win32
		{DAD52CC4-AF08-45A8-A136-B848C71740D9}.Release|x86.Build.0 = Release|Win32
		{E14B4C35-7224-4CB4-9CEB-1F81D76E7D20}.Debug|x64.ActiveCfg = Debug|x64
		{E14B4C35-7224-4CB4-9CEB-1F81D76E7D20}.Debug|x64.Build.0 = Debug|x64
		{E14B4C35-7224-4CB4-9CEB-1F81D76E7D20}.Debug|x86.ActiveCfg = Debug|Win32
		{E14B4C35-7224-4CB4-9CEB-1F81D76E7D20}.Debug|x86.Build.0 = Debug|Win32
		{E14B4C35-7224-4CB4-9CEB-1F81D76E7D20}.Release|x64.ActiveCfg = Release|x64
		{E14B4C35-7224-4CB4-9CEB-1F81D76E7D20}.Release|x64.Build.0 = Release|x64
		{E14B4C35-7224-4CB4-9CEB-1F81D76E7D20}.Release|x86.ActiveCfg = Release|Win32
		{E14B4C35-7224-4CB4-9CEB-1F81D76E7D20}.Release|x86.Build.0 = Release|Win32
	EndGlobalSection
	GlobalSection(SolutionProperties) = preSolution
		HideSolutionNode = FALSE
	EndGlobalSection
	GlobalSection(ExtensibilityGlobals) = postSolution
		SolutionGuid = {6BA4EC1D-04A0-48CE-8F4C-FC4F9C4B11C9}
	EndGlobalSection
EndGlobal
